// !$*UTF8*$!
{
	archiveVersion = 1;
	classes = {
	};
	objectVersion = 56;
	objects = {

/* Begin PBXBuildFile section */
		850702DC2BCCD82600E3E820 /* AddressResponse.swift in Sources */ = {isa = PBXBuildFile; fileRef = 850702DB2BCCD82600E3E820 /* AddressResponse.swift */; };
		850702DE2BCDF47800E3E820 /* CustomInfoView.swift in Sources */ = {isa = PBXBuildFile; fileRef = 850702DD2BCDF47800E3E820 /* CustomInfoView.swift */; };
		850702E32BCE2F5700E3E820 /* SendNotificiationView.swift in Sources */ = {isa = PBXBuildFile; fileRef = 850702E22BCE2F5700E3E820 /* SendNotificiationView.swift */; };
		850702E62BCE2F8700E3E820 /* SendNotificationCore.swift in Sources */ = {isa = PBXBuildFile; fileRef = 850702E52BCE2F8700E3E820 /* SendNotificationCore.swift */; };
		850702EB2BCE4D6B00E3E820 /* SendUser.swift in Sources */ = {isa = PBXBuildFile; fileRef = 850702EA2BCE4D6B00E3E820 /* SendUser.swift */; };
		850702EF2BCE91C800E3E820 /* InvitedAppointmentView.swift in Sources */ = {isa = PBXBuildFile; fileRef = 850702EE2BCE91C800E3E820 /* InvitedAppointmentView.swift */; };
		850702F22BCE91F200E3E820 /* InvitedAppointmentCore.swift in Sources */ = {isa = PBXBuildFile; fileRef = 850702F12BCE91F200E3E820 /* InvitedAppointmentCore.swift */; };
		851490BF2C52C833008A286E /* DebounceModifier.swift in Sources */ = {isa = PBXBuildFile; fileRef = 851490BE2C52C833008A286E /* DebounceModifier.swift */; };
		851490CE2C5401AE008A286E /* Moya in Frameworks */ = {isa = PBXBuildFile; productRef = 851490CD2C5401AE008A286E /* Moya */; };
		851490D12C54021F008A286E /* ComposableArchitecture in Frameworks */ = {isa = PBXBuildFile; productRef = 851490D02C54021F008A286E /* ComposableArchitecture */; };
		851490D42C540231008A286E /* FlowKit in Frameworks */ = {isa = PBXBuildFile; productRef = 851490D32C540231008A286E /* FlowKit */; };
		851490D72C5403AB008A286E /* WrappingHStack in Frameworks */ = {isa = PBXBuildFile; productRef = 851490D62C5403AB008A286E /* WrappingHStack */; };
		8528CDFB2C69EE5F0070EFA7 /* UserInfo.swift in Sources */ = {isa = PBXBuildFile; fileRef = 8528CDFA2C69EE5F0070EFA7 /* UserInfo.swift */; };
		8528CDFE2C6E06970070EFA7 /* CordinateResponse.swift in Sources */ = {isa = PBXBuildFile; fileRef = 8528CDFD2C6E06970070EFA7 /* CordinateResponse.swift */; };
		8528CE012C6E083F0070EFA7 /* LocationRepository.swift in Sources */ = {isa = PBXBuildFile; fileRef = 8528CE002C6E083F0070EFA7 /* LocationRepository.swift */; };
		8528CE032C6E099A0070EFA7 /* LoationRepositoryImpl.swift in Sources */ = {isa = PBXBuildFile; fileRef = 8528CE022C6E099A0070EFA7 /* LoationRepositoryImpl.swift */; };
		8528CE062C6E0AF70070EFA7 /* LocationService.swift in Sources */ = {isa = PBXBuildFile; fileRef = 8528CE052C6E0AF70070EFA7 /* LocationService.swift */; };
		8528CE082C6FBB690070EFA7 /* UserNameResponse.swift in Sources */ = {isa = PBXBuildFile; fileRef = 8528CE072C6FBB690070EFA7 /* UserNameResponse.swift */; };
		8528CE0B2C70C1360070EFA7 /* ImagePickerCore.swift in Sources */ = {isa = PBXBuildFile; fileRef = 8528CE0A2C70C1360070EFA7 /* ImagePickerCore.swift */; };
		8528CE0F2C72E2300070EFA7 /* ProfileImageManager.swift in Sources */ = {isa = PBXBuildFile; fileRef = 8528CE0E2C72E2300070EFA7 /* ProfileImageManager.swift */; };
		8530047E2C4C47A400F533EF /* CustomCalendarView.swift in Sources */ = {isa = PBXBuildFile; fileRef = 8530047D2C4C47A400F533EF /* CustomCalendarView.swift */; };
		85424FE72BC4DCDB007A429D /* ImagePickerView.swift in Sources */ = {isa = PBXBuildFile; fileRef = 85424FE62BC4DCDB007A429D /* ImagePickerView.swift */; };
		85424FE92BC50108007A429D /* MainCore.swift in Sources */ = {isa = PBXBuildFile; fileRef = 85424FE82BC50108007A429D /* MainCore.swift */; };
		85424FEB2BC508B7007A429D /* MapAnnotationView.swift in Sources */ = {isa = PBXBuildFile; fileRef = 85424FEA2BC508B7007A429D /* MapAnnotationView.swift */; };
		85424FEE2BC50A60007A429D /* Location.swift in Sources */ = {isa = PBXBuildFile; fileRef = 85424FED2BC50A60007A429D /* Location.swift */; };
		857E49382BC4CF84007E3ABC /* Text+Ext.swift in Sources */ = {isa = PBXBuildFile; fileRef = 857E49372BC4CF84007E3ABC /* Text+Ext.swift */; };
		858DE69D2C4FB5E000340648 /* AddressRepository.swift in Sources */ = {isa = PBXBuildFile; fileRef = 858DE69C2C4FB5E000340648 /* AddressRepository.swift */; };
		858DE69F2C4FB5EA00340648 /* AdressRepositoryImpl.swift in Sources */ = {isa = PBXBuildFile; fileRef = 858DE69E2C4FB5EA00340648 /* AdressRepositoryImpl.swift */; };
		858DE6A22C4FB6E000340648 /* AddressService.swift in Sources */ = {isa = PBXBuildFile; fileRef = 858DE6A12C4FB6E000340648 /* AddressService.swift */; };
		858DE6A42C4FB87C00340648 /* AddressUseCase.swift in Sources */ = {isa = PBXBuildFile; fileRef = 858DE6A32C4FB87C00340648 /* AddressUseCase.swift */; };
		859299802C40F8B6005EB807 /* ProfileImageResponse.swift in Sources */ = {isa = PBXBuildFile; fileRef = 8592997F2C40F8B6005EB807 /* ProfileImageResponse.swift */; };
		859299842C40FF35005EB807 /* PromiseRepository.swift in Sources */ = {isa = PBXBuildFile; fileRef = 859299832C40FF35005EB807 /* PromiseRepository.swift */; };
		859299862C40FF40005EB807 /* PromiseRepositoryImpl.swift in Sources */ = {isa = PBXBuildFile; fileRef = 859299852C40FF40005EB807 /* PromiseRepositoryImpl.swift */; };
		859299892C410062005EB807 /* PromiseService.swift in Sources */ = {isa = PBXBuildFile; fileRef = 859299882C410062005EB807 /* PromiseService.swift */; };
		8592998C2C4101A2005EB807 /* Promise.swift in Sources */ = {isa = PBXBuildFile; fileRef = 8592998B2C4101A2005EB807 /* Promise.swift */; };
		8592998E2C4102AE005EB807 /* PromiseUseCase.swift in Sources */ = {isa = PBXBuildFile; fileRef = 8592998D2C4102AE005EB807 /* PromiseUseCase.swift */; };
		859299912C41074B005EB807 /* Tokens.swift in Sources */ = {isa = PBXBuildFile; fileRef = 859299902C41074B005EB807 /* Tokens.swift */; };
		8598F9E02BC0361100132DE6 /* Adego_iOSApp.swift in Sources */ = {isa = PBXBuildFile; fileRef = 8598F9DF2BC0361100132DE6 /* Adego_iOSApp.swift */; };
		8598F9E22BC0361100132DE6 /* ContentView.swift in Sources */ = {isa = PBXBuildFile; fileRef = 8598F9E12BC0361100132DE6 /* ContentView.swift */; };
		8598F9E42BC0361200132DE6 /* Assets.xcassets in Resources */ = {isa = PBXBuildFile; fileRef = 8598F9E32BC0361200132DE6 /* Assets.xcassets */; };
		8598F9E72BC0361200132DE6 /* Preview Assets.xcassets in Resources */ = {isa = PBXBuildFile; fileRef = 8598F9E62BC0361200132DE6 /* Preview Assets.xcassets */; };
		85A64D1D2BDD59A60095C46C /* View+Ext.swift in Sources */ = {isa = PBXBuildFile; fileRef = 85A64D1C2BDD59A60095C46C /* View+Ext.swift */; };
		85A64D202BDEC9CA0095C46C /* AppointmentNoneView.swift in Sources */ = {isa = PBXBuildFile; fileRef = 85A64D1F2BDEC9CA0095C46C /* AppointmentNoneView.swift */; };
		85A64D222BDEC9F10095C46C /* AppointmentNoneCore.swift in Sources */ = {isa = PBXBuildFile; fileRef = 85A64D212BDEC9F10095C46C /* AppointmentNoneCore.swift */; };
		85AA46C32C3B247B00F42C63 /* SigninView.swift in Sources */ = {isa = PBXBuildFile; fileRef = 85AA46C22C3B247B00F42C63 /* SigninView.swift */; };
		85AA46C52C3B248500F42C63 /* MainView.swift in Sources */ = {isa = PBXBuildFile; fileRef = 85AA46C42C3B248500F42C63 /* MainView.swift */; };
		85AA46C92C3C1E7500F42C63 /* AppleSigninDelegate.swift in Sources */ = {isa = PBXBuildFile; fileRef = 85AA46C82C3C1E7500F42C63 /* AppleSigninDelegate.swift */; };
		85AA46CB2C3CD0AF00F42C63 /* OAuthTokens.swift in Sources */ = {isa = PBXBuildFile; fileRef = 85AA46CA2C3CD0AF00F42C63 /* OAuthTokens.swift */; };
		85AA46CF2C3CD38C00F42C63 /* SigninUseCase.swift in Sources */ = {isa = PBXBuildFile; fileRef = 85AA46CE2C3CD38C00F42C63 /* SigninUseCase.swift */; };
		85AA46D12C3CD3A300F42C63 /* AuthRepository.swift in Sources */ = {isa = PBXBuildFile; fileRef = 85AA46D02C3CD3A300F42C63 /* AuthRepository.swift */; };
		85AA46D52C3CD52E00F42C63 /* AuthRepositoryImpl.swift in Sources */ = {isa = PBXBuildFile; fileRef = 85AA46D42C3CD52E00F42C63 /* AuthRepositoryImpl.swift */; };
		85AA46D72C3CD55700F42C63 /* ErrorResponse.swift in Sources */ = {isa = PBXBuildFile; fileRef = 85AA46D62C3CD55700F42C63 /* ErrorResponse.swift */; };
		85AA46DB2C3DF1D600F42C63 /* AuthService.swift in Sources */ = {isa = PBXBuildFile; fileRef = 85AA46DA2C3DF1D600F42C63 /* AuthService.swift */; };
		85ADC23A2BC682BB008E947E /* Alert+Ext.swift in Sources */ = {isa = PBXBuildFile; fileRef = 85ADC2392BC682BB008E947E /* Alert+Ext.swift */; };
		85ADC23E2BC6FA3D008E947E /* PromisePreviewView.swift in Sources */ = {isa = PBXBuildFile; fileRef = 85ADC23D2BC6FA3D008E947E /* PromisePreviewView.swift */; };
		85ADC2402BC6FD08008E947E /* PromisePreviewCore.swift in Sources */ = {isa = PBXBuildFile; fileRef = 85ADC23F2BC6FD08008E947E /* PromisePreviewCore.swift */; };
		85ADC24B2BC8BDD0008E947E /* CustomStrokeRoundedButtonStyle.swift in Sources */ = {isa = PBXBuildFile; fileRef = 85ADC24A2BC8BDD0008E947E /* CustomStrokeRoundedButtonStyle.swift */; };
		85ADC2502BC8BF37008E947E /* SettingView.swift in Sources */ = {isa = PBXBuildFile; fileRef = 85ADC24F2BC8BF37008E947E /* SettingView.swift */; };
		85ADC2522BC8BF46008E947E /* CreatePromiseView.swift in Sources */ = {isa = PBXBuildFile; fileRef = 85ADC2512BC8BF46008E947E /* CreatePromiseView.swift */; };
		85ADC2542BC8BF70008E947E /* SettingCore.swift in Sources */ = {isa = PBXBuildFile; fileRef = 85ADC2532BC8BF70008E947E /* SettingCore.swift */; };
		85ADC2562BC8BF95008E947E /* CreatePromiseCore.swift in Sources */ = {isa = PBXBuildFile; fileRef = 85ADC2552BC8BF95008E947E /* CreatePromiseCore.swift */; };
		85ADC2582BC8C129008E947E /* CustomWhiteRoundedButton.swift in Sources */ = {isa = PBXBuildFile; fileRef = 85ADC2572BC8C129008E947E /* CustomWhiteRoundedButton.swift */; };
		85ADC25A2BC8C56A008E947E /* CustomInputTextField.swift in Sources */ = {isa = PBXBuildFile; fileRef = 85ADC2592BC8C56A008E947E /* CustomInputTextField.swift */; };
		85ADC2602BCAFC22008E947E /* EditView.swift in Sources */ = {isa = PBXBuildFile; fileRef = 85ADC25F2BCAFC22008E947E /* EditView.swift */; };
		85ADC2622BCAFC2B008E947E /* EditCore.swift in Sources */ = {isa = PBXBuildFile; fileRef = 85ADC2612BCAFC2B008E947E /* EditCore.swift */; };
		85ADC2682BCB0A87008E947E /* SelectDayView.swift in Sources */ = {isa = PBXBuildFile; fileRef = 85ADC2672BCB0A87008E947E /* SelectDayView.swift */; };
		85ADC26A2BCB0A8E008E947E /* SelectDayCore.swift in Sources */ = {isa = PBXBuildFile; fileRef = 85ADC2692BCB0A8E008E947E /* SelectDayCore.swift */; };
		85ADC26C2BCB0BDD008E947E /* SelectTimeCore.swift in Sources */ = {isa = PBXBuildFile; fileRef = 85ADC26B2BCB0BDD008E947E /* SelectTimeCore.swift */; };
		85ADC26F2BCB0C0C008E947E /* SelectTimeView.swift in Sources */ = {isa = PBXBuildFile; fileRef = 85ADC26E2BCB0C0C008E947E /* SelectTimeView.swift */; };
		85ADC2712BCB1034008E947E /* SelectLocationView.swift in Sources */ = {isa = PBXBuildFile; fileRef = 85ADC2702BCB1034008E947E /* SelectLocationView.swift */; };
		85ADC2732BCB1044008E947E /* SelectLocationCore.swift in Sources */ = {isa = PBXBuildFile; fileRef = 85ADC2722BCB1044008E947E /* SelectLocationCore.swift */; };
		85ADC2752BCB1054008E947E /* CreatePromiseCompleteView.swift in Sources */ = {isa = PBXBuildFile; fileRef = 85ADC2742BCB1054008E947E /* CreatePromiseCompleteView.swift */; };
		85ADC2772BCB105E008E947E /* CreatePromiseCompleteCore.swift in Sources */ = {isa = PBXBuildFile; fileRef = 85ADC2762BCB105E008E947E /* CreatePromiseCompleteCore.swift */; };
		85ADC27A2BCB17F6008E947E /* WhiteTitleText.swift in Sources */ = {isa = PBXBuildFile; fileRef = 85ADC2792BCB17F6008E947E /* WhiteTitleText.swift */; };
		85ADC2802BCC31B4008E947E /* CreatePromiseButton.swift in Sources */ = {isa = PBXBuildFile; fileRef = 85ADC27F2BCC31B4008E947E /* CreatePromiseButton.swift */; };
		85BAC8772C403E4F006261F8 /* UserRepository.swift in Sources */ = {isa = PBXBuildFile; fileRef = 85BAC8762C403E4E006261F8 /* UserRepository.swift */; };
		85BAC87B2C403E63006261F8 /* UserRepositoryImpl.swift in Sources */ = {isa = PBXBuildFile; fileRef = 85BAC87A2C403E63006261F8 /* UserRepositoryImpl.swift */; };
		85BAC87F2C403ED0006261F8 /* UserService.swift in Sources */ = {isa = PBXBuildFile; fileRef = 85BAC87E2C403ED0006261F8 /* UserService.swift */; };
		85BAC8842C4041AC006261F8 /* User.swift in Sources */ = {isa = PBXBuildFile; fileRef = 85BAC8832C4041AC006261F8 /* User.swift */; };
		85BAC8882C40436C006261F8 /* UserUseCase.swift in Sources */ = {isa = PBXBuildFile; fileRef = 85BAC8872C40436C006261F8 /* UserUseCase.swift */; };
		85BAC88B2C405951006261F8 /* KeychainManager.swift in Sources */ = {isa = PBXBuildFile; fileRef = 85BAC88A2C405951006261F8 /* KeychainManager.swift */; };
		85BAC88D2C407411006261F8 /* TokenRefresh.swift in Sources */ = {isa = PBXBuildFile; fileRef = 85BAC88C2C407411006261F8 /* TokenRefresh.swift */; };
		85C2B9372C44105E0060F16D /* Place.swift in Sources */ = {isa = PBXBuildFile; fileRef = 85C2B9362C44105E0060F16D /* Place.swift */; };
		85CC4F222C7EE7CB003CFC17 /* File.swift in Sources */ = {isa = PBXBuildFile; fileRef = 85CC4F212C7EE7CB003CFC17 /* File.swift */; };
		85DD6FF32C668BB50072FBD1 /* MapView.swift in Sources */ = {isa = PBXBuildFile; fileRef = 85DD6FF22C668BB50072FBD1 /* MapView.swift */; };
		85DD6FF62C668BC10072FBD1 /* MapCore.swift in Sources */ = {isa = PBXBuildFile; fileRef = 85DD6FF52C668BC10072FBD1 /* MapCore.swift */; };
		85DD6FF82C66CDB20072FBD1 /* DeleteUser.swift in Sources */ = {isa = PBXBuildFile; fileRef = 85DD6FF72C66CDB20072FBD1 /* DeleteUser.swift */; };
		85DD6FFA2C6778FD0072FBD1 /* LinkResponse.swift in Sources */ = {isa = PBXBuildFile; fileRef = 85DD6FF92C6778FD0072FBD1 /* LinkResponse.swift */; };
		85E307F22C60964C0027E122 /* Debouncer.swift in Sources */ = {isa = PBXBuildFile; fileRef = 85E307F12C60964C0027E122 /* Debouncer.swift */; };
		85FBAB3D2BC1A7EB008CFC1B /* SigninCore.swift in Sources */ = {isa = PBXBuildFile; fileRef = 85FBAB3C2BC1A7EB008CFC1B /* SigninCore.swift */; };
		85FBAB482BC1AA9C008CFC1B /* SetNameCore.swift in Sources */ = {isa = PBXBuildFile; fileRef = 85FBAB472BC1AA9C008CFC1B /* SetNameCore.swift */; };
		85FBAB4A2BC1AAA4008CFC1B /* SetNameView.swift in Sources */ = {isa = PBXBuildFile; fileRef = 85FBAB492BC1AAA4008CFC1B /* SetNameView.swift */; };
		85FBAB4D2BC1AF2D008CFC1B /* SetProfileImageView.swift in Sources */ = {isa = PBXBuildFile; fileRef = 85FBAB4C2BC1AF2D008CFC1B /* SetProfileImageView.swift */; };
		85FBAB512BC1AF76008CFC1B /* SetProfileImageCore.swift in Sources */ = {isa = PBXBuildFile; fileRef = 85FBAB502BC1AF76008CFC1B /* SetProfileImageCore.swift */; };
		85FBAB702BC2E75A008CFC1B /* CustomBackButton.swift in Sources */ = {isa = PBXBuildFile; fileRef = 85FBAB6F2BC2E75A008CFC1B /* CustomBackButton.swift */; };
		85FBAB8B2BC3D772008CFC1B /* Font+Ext.swift in Sources */ = {isa = PBXBuildFile; fileRef = 85FBAB8A2BC3D772008CFC1B /* Font+Ext.swift */; };
		85FBAB9A2BC40840008CFC1B /* WantedSans-Black.otf in Resources */ = {isa = PBXBuildFile; fileRef = 85FBAB922BC3DA44008CFC1B /* WantedSans-Black.otf */; };
		85FBAB9B2BC40840008CFC1B /* WantedSans-Bold.otf in Resources */ = {isa = PBXBuildFile; fileRef = 85FBAB8E2BC3DA44008CFC1B /* WantedSans-Bold.otf */; };
		85FBAB9C2BC40840008CFC1B /* WantedSans-ExtraBlack.otf in Resources */ = {isa = PBXBuildFile; fileRef = 85FBAB8D2BC3DA44008CFC1B /* WantedSans-ExtraBlack.otf */; };
		85FBAB9D2BC40840008CFC1B /* WantedSans-ExtraBold.otf in Resources */ = {isa = PBXBuildFile; fileRef = 85FBAB902BC3DA44008CFC1B /* WantedSans-ExtraBold.otf */; };
		85FBAB9E2BC40840008CFC1B /* WantedSans-Medium.otf in Resources */ = {isa = PBXBuildFile; fileRef = 85FBAB912BC3DA44008CFC1B /* WantedSans-Medium.otf */; };
		85FBAB9F2BC40840008CFC1B /* WantedSans-Regular.otf in Resources */ = {isa = PBXBuildFile; fileRef = 85FBAB8C2BC3DA43008CFC1B /* WantedSans-Regular.otf */; };
		85FBABA02BC40841008CFC1B /* WantedSans-SemiBold.otf in Resources */ = {isa = PBXBuildFile; fileRef = 85FBAB8F2BC3DA44008CFC1B /* WantedSans-SemiBold.otf */; };
/* End PBXBuildFile section */

/* Begin PBXFileReference section */
		850702DB2BCCD82600E3E820 /* AddressResponse.swift */ = {isa = PBXFileReference; lastKnownFileType = sourcecode.swift; path = AddressResponse.swift; sourceTree = "<group>"; };
		850702DD2BCDF47800E3E820 /* CustomInfoView.swift */ = {isa = PBXFileReference; lastKnownFileType = sourcecode.swift; path = CustomInfoView.swift; sourceTree = "<group>"; };
		850702E22BCE2F5700E3E820 /* SendNotificiationView.swift */ = {isa = PBXFileReference; lastKnownFileType = sourcecode.swift; path = SendNotificiationView.swift; sourceTree = "<group>"; };
		850702E52BCE2F8700E3E820 /* SendNotificationCore.swift */ = {isa = PBXFileReference; lastKnownFileType = sourcecode.swift; path = SendNotificationCore.swift; sourceTree = "<group>"; };
		850702EA2BCE4D6B00E3E820 /* SendUser.swift */ = {isa = PBXFileReference; lastKnownFileType = sourcecode.swift; path = SendUser.swift; sourceTree = "<group>"; };
		850702EE2BCE91C800E3E820 /* InvitedAppointmentView.swift */ = {isa = PBXFileReference; lastKnownFileType = sourcecode.swift; path = InvitedAppointmentView.swift; sourceTree = "<group>"; };
		850702F12BCE91F200E3E820 /* InvitedAppointmentCore.swift */ = {isa = PBXFileReference; lastKnownFileType = sourcecode.swift; path = InvitedAppointmentCore.swift; sourceTree = "<group>"; };
		851490BE2C52C833008A286E /* DebounceModifier.swift */ = {isa = PBXFileReference; lastKnownFileType = sourcecode.swift; path = DebounceModifier.swift; sourceTree = "<group>"; };
		8528CDFA2C69EE5F0070EFA7 /* UserInfo.swift */ = {isa = PBXFileReference; lastKnownFileType = sourcecode.swift; path = UserInfo.swift; sourceTree = "<group>"; };
		8528CDFD2C6E06970070EFA7 /* CordinateResponse.swift */ = {isa = PBXFileReference; lastKnownFileType = sourcecode.swift; path = CordinateResponse.swift; sourceTree = "<group>"; };
		8528CE002C6E083F0070EFA7 /* LocationRepository.swift */ = {isa = PBXFileReference; lastKnownFileType = sourcecode.swift; path = LocationRepository.swift; sourceTree = "<group>"; };
		8528CE022C6E099A0070EFA7 /* LoationRepositoryImpl.swift */ = {isa = PBXFileReference; lastKnownFileType = sourcecode.swift; path = LoationRepositoryImpl.swift; sourceTree = "<group>"; };
		8528CE052C6E0AF70070EFA7 /* LocationService.swift */ = {isa = PBXFileReference; lastKnownFileType = sourcecode.swift; path = LocationService.swift; sourceTree = "<group>"; };
		8528CE072C6FBB690070EFA7 /* UserNameResponse.swift */ = {isa = PBXFileReference; lastKnownFileType = sourcecode.swift; path = UserNameResponse.swift; sourceTree = "<group>"; };
		8528CE0A2C70C1360070EFA7 /* ImagePickerCore.swift */ = {isa = PBXFileReference; lastKnownFileType = sourcecode.swift; path = ImagePickerCore.swift; sourceTree = "<group>"; };
		8528CE0E2C72E2300070EFA7 /* ProfileImageManager.swift */ = {isa = PBXFileReference; lastKnownFileType = sourcecode.swift; path = ProfileImageManager.swift; sourceTree = "<group>"; };
		8530047D2C4C47A400F533EF /* CustomCalendarView.swift */ = {isa = PBXFileReference; lastKnownFileType = sourcecode.swift; path = CustomCalendarView.swift; sourceTree = "<group>"; };
		85424FE62BC4DCDB007A429D /* ImagePickerView.swift */ = {isa = PBXFileReference; lastKnownFileType = sourcecode.swift; path = ImagePickerView.swift; sourceTree = "<group>"; };
		85424FE82BC50108007A429D /* MainCore.swift */ = {isa = PBXFileReference; lastKnownFileType = sourcecode.swift; path = MainCore.swift; sourceTree = "<group>"; };
		85424FEA2BC508B7007A429D /* MapAnnotationView.swift */ = {isa = PBXFileReference; fileEncoding = 4; lastKnownFileType = sourcecode.swift; path = MapAnnotationView.swift; sourceTree = "<group>"; };
		85424FED2BC50A60007A429D /* Location.swift */ = {isa = PBXFileReference; lastKnownFileType = sourcecode.swift; path = Location.swift; sourceTree = "<group>"; };
		85558E422BFB36C90053A3B2 /* Adego-iOS.entitlements */ = {isa = PBXFileReference; lastKnownFileType = text.plist.entitlements; path = "Adego-iOS.entitlements"; sourceTree = "<group>"; };
		857E49372BC4CF84007E3ABC /* Text+Ext.swift */ = {isa = PBXFileReference; lastKnownFileType = sourcecode.swift; path = "Text+Ext.swift"; sourceTree = "<group>"; };
		858DE69C2C4FB5E000340648 /* AddressRepository.swift */ = {isa = PBXFileReference; lastKnownFileType = sourcecode.swift; path = AddressRepository.swift; sourceTree = "<group>"; };
		858DE69E2C4FB5EA00340648 /* AdressRepositoryImpl.swift */ = {isa = PBXFileReference; lastKnownFileType = sourcecode.swift; path = AdressRepositoryImpl.swift; sourceTree = "<group>"; };
		858DE6A12C4FB6E000340648 /* AddressService.swift */ = {isa = PBXFileReference; lastKnownFileType = sourcecode.swift; path = AddressService.swift; sourceTree = "<group>"; };
		858DE6A32C4FB87C00340648 /* AddressUseCase.swift */ = {isa = PBXFileReference; lastKnownFileType = sourcecode.swift; path = AddressUseCase.swift; sourceTree = "<group>"; };
		8592997F2C40F8B6005EB807 /* ProfileImageResponse.swift */ = {isa = PBXFileReference; lastKnownFileType = sourcecode.swift; path = ProfileImageResponse.swift; sourceTree = "<group>"; };
		859299832C40FF35005EB807 /* PromiseRepository.swift */ = {isa = PBXFileReference; lastKnownFileType = sourcecode.swift; path = PromiseRepository.swift; sourceTree = "<group>"; };
		859299852C40FF40005EB807 /* PromiseRepositoryImpl.swift */ = {isa = PBXFileReference; lastKnownFileType = sourcecode.swift; path = PromiseRepositoryImpl.swift; sourceTree = "<group>"; };
		859299882C410062005EB807 /* PromiseService.swift */ = {isa = PBXFileReference; lastKnownFileType = sourcecode.swift; path = PromiseService.swift; sourceTree = "<group>"; };
		8592998B2C4101A2005EB807 /* Promise.swift */ = {isa = PBXFileReference; lastKnownFileType = sourcecode.swift; path = Promise.swift; sourceTree = "<group>"; };
		8592998D2C4102AE005EB807 /* PromiseUseCase.swift */ = {isa = PBXFileReference; lastKnownFileType = sourcecode.swift; path = PromiseUseCase.swift; sourceTree = "<group>"; };
		859299902C41074B005EB807 /* Tokens.swift */ = {isa = PBXFileReference; lastKnownFileType = sourcecode.swift; path = Tokens.swift; sourceTree = "<group>"; };
		8598F9DC2BC0361100132DE6 /* Adego-iOS.app */ = {isa = PBXFileReference; explicitFileType = wrapper.application; includeInIndex = 0; path = "Adego-iOS.app"; sourceTree = BUILT_PRODUCTS_DIR; };
		8598F9DF2BC0361100132DE6 /* Adego_iOSApp.swift */ = {isa = PBXFileReference; lastKnownFileType = sourcecode.swift; path = Adego_iOSApp.swift; sourceTree = "<group>"; };
		8598F9E12BC0361100132DE6 /* ContentView.swift */ = {isa = PBXFileReference; lastKnownFileType = sourcecode.swift; path = ContentView.swift; sourceTree = "<group>"; };
		8598F9E32BC0361200132DE6 /* Assets.xcassets */ = {isa = PBXFileReference; lastKnownFileType = folder.assetcatalog; path = Assets.xcassets; sourceTree = "<group>"; };
		8598F9E62BC0361200132DE6 /* Preview Assets.xcassets */ = {isa = PBXFileReference; lastKnownFileType = folder.assetcatalog; path = "Preview Assets.xcassets"; sourceTree = "<group>"; };
		85A64D1C2BDD59A60095C46C /* View+Ext.swift */ = {isa = PBXFileReference; lastKnownFileType = sourcecode.swift; path = "View+Ext.swift"; sourceTree = "<group>"; };
		85A64D1F2BDEC9CA0095C46C /* AppointmentNoneView.swift */ = {isa = PBXFileReference; lastKnownFileType = sourcecode.swift; path = AppointmentNoneView.swift; sourceTree = "<group>"; };
		85A64D212BDEC9F10095C46C /* AppointmentNoneCore.swift */ = {isa = PBXFileReference; lastKnownFileType = sourcecode.swift; path = AppointmentNoneCore.swift; sourceTree = "<group>"; };
		85AA46C22C3B247B00F42C63 /* SigninView.swift */ = {isa = PBXFileReference; lastKnownFileType = sourcecode.swift; path = SigninView.swift; sourceTree = "<group>"; };
		85AA46C42C3B248500F42C63 /* MainView.swift */ = {isa = PBXFileReference; lastKnownFileType = sourcecode.swift; path = MainView.swift; sourceTree = "<group>"; };
		85AA46C82C3C1E7500F42C63 /* AppleSigninDelegate.swift */ = {isa = PBXFileReference; lastKnownFileType = sourcecode.swift; path = AppleSigninDelegate.swift; sourceTree = "<group>"; };
		85AA46CA2C3CD0AF00F42C63 /* OAuthTokens.swift */ = {isa = PBXFileReference; lastKnownFileType = sourcecode.swift; path = OAuthTokens.swift; sourceTree = "<group>"; };
		85AA46CE2C3CD38C00F42C63 /* SigninUseCase.swift */ = {isa = PBXFileReference; lastKnownFileType = sourcecode.swift; path = SigninUseCase.swift; sourceTree = "<group>"; };
		85AA46D02C3CD3A300F42C63 /* AuthRepository.swift */ = {isa = PBXFileReference; lastKnownFileType = sourcecode.swift; path = AuthRepository.swift; sourceTree = "<group>"; };
		85AA46D42C3CD52E00F42C63 /* AuthRepositoryImpl.swift */ = {isa = PBXFileReference; lastKnownFileType = sourcecode.swift; path = AuthRepositoryImpl.swift; sourceTree = "<group>"; };
		85AA46D62C3CD55700F42C63 /* ErrorResponse.swift */ = {isa = PBXFileReference; lastKnownFileType = sourcecode.swift; path = ErrorResponse.swift; sourceTree = "<group>"; };
		85AA46DA2C3DF1D600F42C63 /* AuthService.swift */ = {isa = PBXFileReference; lastKnownFileType = sourcecode.swift; path = AuthService.swift; sourceTree = "<group>"; };
		85AA46DD2C3E415300F42C63 /* Info.plist */ = {isa = PBXFileReference; lastKnownFileType = text.plist.xml; path = Info.plist; sourceTree = "<group>"; };
		85ADC2392BC682BB008E947E /* Alert+Ext.swift */ = {isa = PBXFileReference; lastKnownFileType = sourcecode.swift; path = "Alert+Ext.swift"; sourceTree = "<group>"; };
		85ADC23D2BC6FA3D008E947E /* PromisePreviewView.swift */ = {isa = PBXFileReference; lastKnownFileType = sourcecode.swift; path = PromisePreviewView.swift; sourceTree = "<group>"; };
		85ADC23F2BC6FD08008E947E /* PromisePreviewCore.swift */ = {isa = PBXFileReference; lastKnownFileType = sourcecode.swift; path = PromisePreviewCore.swift; sourceTree = "<group>"; };
		85ADC24A2BC8BDD0008E947E /* CustomStrokeRoundedButtonStyle.swift */ = {isa = PBXFileReference; lastKnownFileType = sourcecode.swift; path = CustomStrokeRoundedButtonStyle.swift; sourceTree = "<group>"; };
		85ADC24F2BC8BF37008E947E /* SettingView.swift */ = {isa = PBXFileReference; lastKnownFileType = sourcecode.swift; path = SettingView.swift; sourceTree = "<group>"; };
		85ADC2512BC8BF46008E947E /* CreatePromiseView.swift */ = {isa = PBXFileReference; lastKnownFileType = sourcecode.swift; path = CreatePromiseView.swift; sourceTree = "<group>"; };
		85ADC2532BC8BF70008E947E /* SettingCore.swift */ = {isa = PBXFileReference; lastKnownFileType = sourcecode.swift; path = SettingCore.swift; sourceTree = "<group>"; };
		85ADC2552BC8BF95008E947E /* CreatePromiseCore.swift */ = {isa = PBXFileReference; lastKnownFileType = sourcecode.swift; path = CreatePromiseCore.swift; sourceTree = "<group>"; };
		85ADC2572BC8C129008E947E /* CustomWhiteRoundedButton.swift */ = {isa = PBXFileReference; lastKnownFileType = sourcecode.swift; path = CustomWhiteRoundedButton.swift; sourceTree = "<group>"; };
		85ADC2592BC8C56A008E947E /* CustomInputTextField.swift */ = {isa = PBXFileReference; lastKnownFileType = sourcecode.swift; path = CustomInputTextField.swift; sourceTree = "<group>"; };
		85ADC25F2BCAFC22008E947E /* EditView.swift */ = {isa = PBXFileReference; lastKnownFileType = sourcecode.swift; path = EditView.swift; sourceTree = "<group>"; };
		85ADC2612BCAFC2B008E947E /* EditCore.swift */ = {isa = PBXFileReference; lastKnownFileType = sourcecode.swift; path = EditCore.swift; sourceTree = "<group>"; };
		85ADC2672BCB0A87008E947E /* SelectDayView.swift */ = {isa = PBXFileReference; lastKnownFileType = sourcecode.swift; path = SelectDayView.swift; sourceTree = "<group>"; };
		85ADC2692BCB0A8E008E947E /* SelectDayCore.swift */ = {isa = PBXFileReference; lastKnownFileType = sourcecode.swift; path = SelectDayCore.swift; sourceTree = "<group>"; };
		85ADC26B2BCB0BDD008E947E /* SelectTimeCore.swift */ = {isa = PBXFileReference; lastKnownFileType = sourcecode.swift; path = SelectTimeCore.swift; sourceTree = "<group>"; };
		85ADC26E2BCB0C0C008E947E /* SelectTimeView.swift */ = {isa = PBXFileReference; lastKnownFileType = sourcecode.swift; path = SelectTimeView.swift; sourceTree = "<group>"; };
		85ADC2702BCB1034008E947E /* SelectLocationView.swift */ = {isa = PBXFileReference; lastKnownFileType = sourcecode.swift; path = SelectLocationView.swift; sourceTree = "<group>"; };
		85ADC2722BCB1044008E947E /* SelectLocationCore.swift */ = {isa = PBXFileReference; lastKnownFileType = sourcecode.swift; path = SelectLocationCore.swift; sourceTree = "<group>"; };
		85ADC2742BCB1054008E947E /* CreatePromiseCompleteView.swift */ = {isa = PBXFileReference; lastKnownFileType = sourcecode.swift; path = CreatePromiseCompleteView.swift; sourceTree = "<group>"; };
		85ADC2762BCB105E008E947E /* CreatePromiseCompleteCore.swift */ = {isa = PBXFileReference; lastKnownFileType = sourcecode.swift; path = CreatePromiseCompleteCore.swift; sourceTree = "<group>"; };
		85ADC2792BCB17F6008E947E /* WhiteTitleText.swift */ = {isa = PBXFileReference; lastKnownFileType = sourcecode.swift; path = WhiteTitleText.swift; sourceTree = "<group>"; };
		85ADC27F2BCC31B4008E947E /* CreatePromiseButton.swift */ = {isa = PBXFileReference; lastKnownFileType = sourcecode.swift; path = CreatePromiseButton.swift; sourceTree = "<group>"; };
		85BAC8762C403E4E006261F8 /* UserRepository.swift */ = {isa = PBXFileReference; lastKnownFileType = sourcecode.swift; path = UserRepository.swift; sourceTree = "<group>"; };
		85BAC87A2C403E63006261F8 /* UserRepositoryImpl.swift */ = {isa = PBXFileReference; lastKnownFileType = sourcecode.swift; path = UserRepositoryImpl.swift; sourceTree = "<group>"; };
		85BAC87E2C403ED0006261F8 /* UserService.swift */ = {isa = PBXFileReference; lastKnownFileType = sourcecode.swift; path = UserService.swift; sourceTree = "<group>"; };
		85BAC8832C4041AC006261F8 /* User.swift */ = {isa = PBXFileReference; lastKnownFileType = sourcecode.swift; path = User.swift; sourceTree = "<group>"; };
		85BAC8872C40436C006261F8 /* UserUseCase.swift */ = {isa = PBXFileReference; lastKnownFileType = sourcecode.swift; path = UserUseCase.swift; sourceTree = "<group>"; };
		85BAC88A2C405951006261F8 /* KeychainManager.swift */ = {isa = PBXFileReference; lastKnownFileType = sourcecode.swift; path = KeychainManager.swift; sourceTree = "<group>"; };
		85BAC88C2C407411006261F8 /* TokenRefresh.swift */ = {isa = PBXFileReference; lastKnownFileType = sourcecode.swift; path = TokenRefresh.swift; sourceTree = "<group>"; };
		85C2B9362C44105E0060F16D /* Place.swift */ = {isa = PBXFileReference; lastKnownFileType = sourcecode.swift; path = Place.swift; sourceTree = "<group>"; };
		85CC4F212C7EE7CB003CFC17 /* File.swift */ = {isa = PBXFileReference; lastKnownFileType = sourcecode.swift; path = File.swift; sourceTree = "<group>"; };
		85DD6FF22C668BB50072FBD1 /* MapView.swift */ = {isa = PBXFileReference; lastKnownFileType = sourcecode.swift; path = MapView.swift; sourceTree = "<group>"; };
		85DD6FF52C668BC10072FBD1 /* MapCore.swift */ = {isa = PBXFileReference; lastKnownFileType = sourcecode.swift; path = MapCore.swift; sourceTree = "<group>"; };
		85DD6FF72C66CDB20072FBD1 /* DeleteUser.swift */ = {isa = PBXFileReference; lastKnownFileType = sourcecode.swift; path = DeleteUser.swift; sourceTree = "<group>"; };
		85DD6FF92C6778FD0072FBD1 /* LinkResponse.swift */ = {isa = PBXFileReference; lastKnownFileType = sourcecode.swift; path = LinkResponse.swift; sourceTree = "<group>"; };
		85E307F12C60964C0027E122 /* Debouncer.swift */ = {isa = PBXFileReference; lastKnownFileType = sourcecode.swift; path = Debouncer.swift; sourceTree = "<group>"; };
		85FBAB3C2BC1A7EB008CFC1B /* SigninCore.swift */ = {isa = PBXFileReference; lastKnownFileType = sourcecode.swift; path = SigninCore.swift; sourceTree = "<group>"; };
		85FBAB472BC1AA9C008CFC1B /* SetNameCore.swift */ = {isa = PBXFileReference; lastKnownFileType = sourcecode.swift; path = SetNameCore.swift; sourceTree = "<group>"; };
		85FBAB492BC1AAA4008CFC1B /* SetNameView.swift */ = {isa = PBXFileReference; lastKnownFileType = sourcecode.swift; path = SetNameView.swift; sourceTree = "<group>"; };
		85FBAB4C2BC1AF2D008CFC1B /* SetProfileImageView.swift */ = {isa = PBXFileReference; lastKnownFileType = sourcecode.swift; path = SetProfileImageView.swift; sourceTree = "<group>"; };
		85FBAB502BC1AF76008CFC1B /* SetProfileImageCore.swift */ = {isa = PBXFileReference; lastKnownFileType = sourcecode.swift; path = SetProfileImageCore.swift; sourceTree = "<group>"; };
		85FBAB6F2BC2E75A008CFC1B /* CustomBackButton.swift */ = {isa = PBXFileReference; lastKnownFileType = sourcecode.swift; path = CustomBackButton.swift; sourceTree = "<group>"; };
		85FBAB8A2BC3D772008CFC1B /* Font+Ext.swift */ = {isa = PBXFileReference; lastKnownFileType = sourcecode.swift; path = "Font+Ext.swift"; sourceTree = "<group>"; };
		85FBAB8C2BC3DA43008CFC1B /* WantedSans-Regular.otf */ = {isa = PBXFileReference; lastKnownFileType = file; path = "WantedSans-Regular.otf"; sourceTree = "<group>"; };
		85FBAB8D2BC3DA44008CFC1B /* WantedSans-ExtraBlack.otf */ = {isa = PBXFileReference; lastKnownFileType = file; path = "WantedSans-ExtraBlack.otf"; sourceTree = "<group>"; };
		85FBAB8E2BC3DA44008CFC1B /* WantedSans-Bold.otf */ = {isa = PBXFileReference; lastKnownFileType = file; path = "WantedSans-Bold.otf"; sourceTree = "<group>"; };
		85FBAB8F2BC3DA44008CFC1B /* WantedSans-SemiBold.otf */ = {isa = PBXFileReference; lastKnownFileType = file; path = "WantedSans-SemiBold.otf"; sourceTree = "<group>"; };
		85FBAB902BC3DA44008CFC1B /* WantedSans-ExtraBold.otf */ = {isa = PBXFileReference; lastKnownFileType = file; path = "WantedSans-ExtraBold.otf"; sourceTree = "<group>"; };
		85FBAB912BC3DA44008CFC1B /* WantedSans-Medium.otf */ = {isa = PBXFileReference; lastKnownFileType = file; path = "WantedSans-Medium.otf"; sourceTree = "<group>"; };
		85FBAB922BC3DA44008CFC1B /* WantedSans-Black.otf */ = {isa = PBXFileReference; lastKnownFileType = file; path = "WantedSans-Black.otf"; sourceTree = "<group>"; };
/* End PBXFileReference section */

/* Begin PBXFrameworksBuildPhase section */
		8598F9D92BC0361100132DE6 /* Frameworks */ = {
			isa = PBXFrameworksBuildPhase;
			buildActionMask = 2147483647;
			files = (
				851490D72C5403AB008A286E /* WrappingHStack in Frameworks */,
				851490D42C540231008A286E /* FlowKit in Frameworks */,
				851490D12C54021F008A286E /* ComposableArchitecture in Frameworks */,
				851490CE2C5401AE008A286E /* Moya in Frameworks */,
			);
			runOnlyForDeploymentPostprocessing = 0;
		};
/* End PBXFrameworksBuildPhase section */

/* Begin PBXGroup section */
		850702E12BCE2F3C00E3E820 /* SendNotification */ = {
			isa = PBXGroup;
			children = (
				850702E22BCE2F5700E3E820 /* SendNotificiationView.swift */,
				850702E52BCE2F8700E3E820 /* SendNotificationCore.swift */,
				850702EA2BCE4D6B00E3E820 /* SendUser.swift */,
			);
			path = SendNotification;
			sourceTree = "<group>";
		};
		850702ED2BCE904D00E3E820 /* InvitedAppointMent */ = {
			isa = PBXGroup;
			children = (
				850702EE2BCE91C800E3E820 /* InvitedAppointmentView.swift */,
				850702F12BCE91F200E3E820 /* InvitedAppointmentCore.swift */,
			);
			path = InvitedAppointMent;
			sourceTree = "<group>";
		};
		851490BD2C52C827008A286E /* Modifier */ = {
			isa = PBXGroup;
			children = (
				851490BE2C52C833008A286E /* DebounceModifier.swift */,
			);
			path = Modifier;
			sourceTree = "<group>";
		};
		8528CDF52C6888C90070EFA7 /* Storage */ = {
			isa = PBXGroup;
			children = (
				8528CDF92C69EE560070EFA7 /* UserInfo */,
				85BAC8892C405945006261F8 /* Secure */,
			);
			path = Storage;
			sourceTree = "<group>";
		};
		8528CDF92C69EE560070EFA7 /* UserInfo */ = {
			isa = PBXGroup;
			children = (
				8528CDFA2C69EE5F0070EFA7 /* UserInfo.swift */,
				8528CE0E2C72E2300070EFA7 /* ProfileImageManager.swift */,
			);
			path = UserInfo;
			sourceTree = "<group>";
		};
		8528CDFC2C6E05060070EFA7 /* Location */ = {
			isa = PBXGroup;
			children = (
				8528CDFD2C6E06970070EFA7 /* CordinateResponse.swift */,
			);
			path = Location;
			sourceTree = "<group>";
		};
		8528CDFF2C6E08210070EFA7 /* Location */ = {
			isa = PBXGroup;
			children = (
				8528CE002C6E083F0070EFA7 /* LocationRepository.swift */,
				8528CE022C6E099A0070EFA7 /* LoationRepositoryImpl.swift */,
			);
			path = Location;
			sourceTree = "<group>";
		};
		8528CE042C6E09EB0070EFA7 /* Location */ = {
			isa = PBXGroup;
			children = (
				8528CE052C6E0AF70070EFA7 /* LocationService.swift */,
			);
			path = Location;
			sourceTree = "<group>";
		};
		85424FE52BC4DCC7007A429D /* Sub */ = {
			isa = PBXGroup;
			children = (
				85424FE62BC4DCDB007A429D /* ImagePickerView.swift */,
				8528CE0A2C70C1360070EFA7 /* ImagePickerCore.swift */,
			);
			path = Sub;
			sourceTree = "<group>";
		};
		85424FEC2BC508B8007A429D /* Map */ = {
			isa = PBXGroup;
			children = (
				85DD6FF22C668BB50072FBD1 /* MapView.swift */,
				85DD6FF52C668BC10072FBD1 /* MapCore.swift */,
				85424FEA2BC508B7007A429D /* MapAnnotationView.swift */,
				85424FED2BC50A60007A429D /* Location.swift */,
			);
			path = Map;
			sourceTree = "<group>";
		};
		8573BDEE2C89EEC600F7BB56 /* Service */ = {
			isa = PBXGroup;
			children = (
				8528CE042C6E09EB0070EFA7 /* Location */,
				858DE6A02C4FB6D700340648 /* Address */,
				859299872C410058005EB807 /* Promise */,
				85BAC87D2C403EC7006261F8 /* User */,
				85BAC87C2C403EC2006261F8 /* Auth */,
			);
			path = Service;
			sourceTree = "<group>";
		};
		858DE69A2C4FB5A600340648 /* Address */ = {
			isa = PBXGroup;
			children = (
				858DE6A32C4FB87C00340648 /* AddressUseCase.swift */,
			);
			path = Address;
			sourceTree = "<group>";
		};
		858DE69B2C4FB5CE00340648 /* Address */ = {
			isa = PBXGroup;
			children = (
				858DE69C2C4FB5E000340648 /* AddressRepository.swift */,
				858DE69E2C4FB5EA00340648 /* AdressRepositoryImpl.swift */,
			);
			path = Address;
			sourceTree = "<group>";
		};
		858DE6A02C4FB6D700340648 /* Address */ = {
			isa = PBXGroup;
			children = (
				858DE6A12C4FB6E000340648 /* AddressService.swift */,
			);
			path = Address;
			sourceTree = "<group>";
		};
		859299812C40FF04005EB807 /* Promise */ = {
			isa = PBXGroup;
			children = (
				8592998D2C4102AE005EB807 /* PromiseUseCase.swift */,
			);
			path = Promise;
			sourceTree = "<group>";
		};
		859299822C40FF21005EB807 /* Promise */ = {
			isa = PBXGroup;
			children = (
				859299832C40FF35005EB807 /* PromiseRepository.swift */,
				859299852C40FF40005EB807 /* PromiseRepositoryImpl.swift */,
			);
			path = Promise;
			sourceTree = "<group>";
		};
		859299872C410058005EB807 /* Promise */ = {
			isa = PBXGroup;
			children = (
				859299882C410062005EB807 /* PromiseService.swift */,
			);
			path = Promise;
			sourceTree = "<group>";
		};
		8592998A2C41013D005EB807 /* Promise */ = {
			isa = PBXGroup;
			children = (
				8592998B2C4101A2005EB807 /* Promise.swift */,
				85C2B9362C44105E0060F16D /* Place.swift */,
				85DD6FF92C6778FD0072FBD1 /* LinkResponse.swift */,
			);
			path = Promise;
			sourceTree = "<group>";
		};
		8598F9D32BC0361100132DE6 = {
			isa = PBXGroup;
			children = (
				8598F9DE2BC0361100132DE6 /* Adego-iOS */,
				8598F9DD2BC0361100132DE6 /* Products */,
				85FBAB582BC1B8DB008CFC1B /* Frameworks */,
			);
			sourceTree = "<group>";
		};
		8598F9DD2BC0361100132DE6 /* Products */ = {
			isa = PBXGroup;
			children = (
				8598F9DC2BC0361100132DE6 /* Adego-iOS.app */,
			);
			name = Products;
			sourceTree = "<group>";
		};
		8598F9DE2BC0361100132DE6 /* Adego-iOS */ = {
			isa = PBXGroup;
			children = (
				8598F9F42BC0375600132DE6 /* Source */,
				8598F9F32BC0374900132DE6 /* Resource */,
			);
			path = "Adego-iOS";
			sourceTree = "<group>";
		};
		8598F9E52BC0361200132DE6 /* Preview Content */ = {
			isa = PBXGroup;
			children = (
				8598F9E62BC0361200132DE6 /* Preview Assets.xcassets */,
			);
			path = "Preview Content";
			sourceTree = "<group>";
		};
		8598F9F32BC0374900132DE6 /* Resource */ = {
			isa = PBXGroup;
			children = (
				85C2B9312C427E6D0060F16D /* App */,
				85FBAB892BC3D75B008CFC1B /* Fonts */,
				8598F9E52BC0361200132DE6 /* Preview Content */,
				85AA46DD2C3E415300F42C63 /* Info.plist */,
				85558E422BFB36C90053A3B2 /* Adego-iOS.entitlements */,
				8598F9E32BC0361200132DE6 /* Assets.xcassets */,
			);
			path = Resource;
			sourceTree = "<group>";
		};
		8598F9F42BC0375600132DE6 /* Source */ = {
			isa = PBXGroup;
			children = (
				85AA44B22C3ACAE400F42C63 /* Data */,
				85AA44B32C3ACAED00F42C63 /* Domain */,
				85AA44B12C3ACAC400F42C63 /* Presentation */,
				85AA44B42C3ACAFB00F42C63 /* Shared */,
			);
			path = Source;
			sourceTree = "<group>";
		};
		8598FA022BC03EB300132DE6 /* Main */ = {
			isa = PBXGroup;
			children = (
				85AA46C42C3B248500F42C63 /* MainView.swift */,
				85424FE82BC50108007A429D /* MainCore.swift */,
				850702E12BCE2F3C00E3E820 /* SendNotification */,
				85A64D1E2BDEC9910095C46C /* AppointmentNoneView */,
				85ADC2782BCB10FB008E947E /* PromisePreview */,
				85424FEC2BC508B8007A429D /* Map */,
				850702ED2BCE904D00E3E820 /* InvitedAppointMent */,
			);
			path = Main;
			sourceTree = "<group>";
		};
		8598FA032BC03EC400132DE6 /* Auth */ = {
			isa = PBXGroup;
			children = (
				85FBAB352BC0433F008CFC1B /* Signin */,
				85FBAB422BC1AA6A008CFC1B /* SetName */,
				85FBAB4B2BC1AF10008CFC1B /* SetProfileImage */,
			);
			path = Auth;
			sourceTree = "<group>";
		};
		85A64D1E2BDEC9910095C46C /* AppointmentNoneView */ = {
			isa = PBXGroup;
			children = (
				85A64D1F2BDEC9CA0095C46C /* AppointmentNoneView.swift */,
				85A64D212BDEC9F10095C46C /* AppointmentNoneCore.swift */,
			);
			path = AppointmentNoneView;
			sourceTree = "<group>";
		};
		85AA44B12C3ACAC400F42C63 /* Presentation */ = {
			isa = PBXGroup;
			children = (
				85AA46C12C3B23C200F42C63 /* View */,
				85FBAB5D2BC1C343008CFC1B /* Components */,
			);
			path = Presentation;
			sourceTree = "<group>";
		};
		85AA44B22C3ACAE400F42C63 /* Data */ = {
			isa = PBXGroup;
			children = (
				85AA44B52C3ACB1900F42C63 /* Network */,
				85AA44B82C3ACBB600F42C63 /* Repositories */,
			);
			path = Data;
			sourceTree = "<group>";
		};
		85AA44B32C3ACAED00F42C63 /* Domain */ = {
			isa = PBXGroup;
			children = (
				85AA44B62C3ACBAE00F42C63 /* Entities */,
				85AA44B92C3ACBC500F42C63 /* UseCases */,
			);
			path = Domain;
			sourceTree = "<group>";
		};
		85AA44B42C3ACAFB00F42C63 /* Shared */ = {
			isa = PBXGroup;
			children = (
				8528CDF52C6888C90070EFA7 /* Storage */,
				85E307F02C6095250027E122 /* Impl */,
				851490BD2C52C827008A286E /* Modifier */,
				85ADC24C2BC8BDDA008E947E /* Style */,
				85FBAB542BC1B103008CFC1B /* Extensions */,
			);
			path = Shared;
			sourceTree = "<group>";
		};
		85AA44B52C3ACB1900F42C63 /* Network */ = {
			isa = PBXGroup;
			children = (
				8573BDEE2C89EEC600F7BB56 /* Service */,
			);
			path = Network;
			sourceTree = "<group>";
		};
		85AA44B62C3ACBAE00F42C63 /* Entities */ = {
			isa = PBXGroup;
			children = (
				85C2B92E2C42507B0060F16D /* Address */,
				8592998A2C41013D005EB807 /* Promise */,
				8528CDFC2C6E05060070EFA7 /* Location */,
				85BAC8822C4041A8006261F8 /* User */,
				85BAC8812C4041A2006261F8 /* Error */,
				85BAC8802C40419C006261F8 /* Auth */,
			);
			path = Entities;
			sourceTree = "<group>";
		};
		85AA44B82C3ACBB600F42C63 /* Repositories */ = {
			isa = PBXGroup;
			children = (
				858DE69B2C4FB5CE00340648 /* Address */,
				859299822C40FF21005EB807 /* Promise */,
				85BAC8732C403E14006261F8 /* User */,
				85BAC8722C403E03006261F8 /* Auth */,
				8528CDFF2C6E08210070EFA7 /* Location */,
			);
			path = Repositories;
			sourceTree = "<group>";
		};
		85AA44B92C3ACBC500F42C63 /* UseCases */ = {
			isa = PBXGroup;
			children = (
				85BAC8852C40434A006261F8 /* Auth */,
				858DE69A2C4FB5A600340648 /* Address */,
				859299812C40FF04005EB807 /* Promise */,
				85BAC8862C40434F006261F8 /* User */,
			);
			path = UseCases;
			sourceTree = "<group>";
		};
		85AA46C12C3B23C200F42C63 /* View */ = {
			isa = PBXGroup;
			children = (
				8598FA032BC03EC400132DE6 /* Auth */,
				8598FA022BC03EB300132DE6 /* Main */,
				85ADC24D2BC8BEFA008E947E /* CreatePromise */,
				85ADC24E2BC8BF09008E947E /* Setting */,
			);
			path = View;
			sourceTree = "<group>";
		};
		85ADC24C2BC8BDDA008E947E /* Style */ = {
			isa = PBXGroup;
			children = (
				85ADC24A2BC8BDD0008E947E /* CustomStrokeRoundedButtonStyle.swift */,
				85ADC2572BC8C129008E947E /* CustomWhiteRoundedButton.swift */,
			);
			path = Style;
			sourceTree = "<group>";
		};
		85ADC24D2BC8BEFA008E947E /* CreatePromise */ = {
			isa = PBXGroup;
			children = (
				85ADC2512BC8BF46008E947E /* CreatePromiseView.swift */,
				85ADC2552BC8BF95008E947E /* CreatePromiseCore.swift */,
				85ADC2632BCB0A12008E947E /* Day */,
				85ADC2642BCB0A2E008E947E /* Time */,
				85ADC2652BCB0A3D008E947E /* Location */,
				85ADC2662BCB0A40008E947E /* CreateComplete */,
			);
			path = CreatePromise;
			sourceTree = "<group>";
		};
		85ADC24E2BC8BF09008E947E /* Setting */ = {
			isa = PBXGroup;
			children = (
				85ADC24F2BC8BF37008E947E /* SettingView.swift */,
				85ADC2532BC8BF70008E947E /* SettingCore.swift */,
				85ADC25E2BCAFC17008E947E /* Edit */,
			);
			path = Setting;
			sourceTree = "<group>";
		};
		85ADC25E2BCAFC17008E947E /* Edit */ = {
			isa = PBXGroup;
			children = (
				85ADC25F2BCAFC22008E947E /* EditView.swift */,
				85ADC2612BCAFC2B008E947E /* EditCore.swift */,
			);
			path = Edit;
			sourceTree = "<group>";
		};
		85ADC2632BCB0A12008E947E /* Day */ = {
			isa = PBXGroup;
			children = (
				85ADC2672BCB0A87008E947E /* SelectDayView.swift */,
				85ADC2692BCB0A8E008E947E /* SelectDayCore.swift */,
				8530047D2C4C47A400F533EF /* CustomCalendarView.swift */,
			);
			path = Day;
			sourceTree = "<group>";
		};
		85ADC2642BCB0A2E008E947E /* Time */ = {
			isa = PBXGroup;
			children = (
				85ADC26E2BCB0C0C008E947E /* SelectTimeView.swift */,
				85ADC26B2BCB0BDD008E947E /* SelectTimeCore.swift */,
			);
			path = Time;
			sourceTree = "<group>";
		};
		85ADC2652BCB0A3D008E947E /* Location */ = {
			isa = PBXGroup;
			children = (
				85ADC2702BCB1034008E947E /* SelectLocationView.swift */,
				85ADC2722BCB1044008E947E /* SelectLocationCore.swift */,
			);
			path = Location;
			sourceTree = "<group>";
		};
		85ADC2662BCB0A40008E947E /* CreateComplete */ = {
			isa = PBXGroup;
			children = (
				85ADC2742BCB1054008E947E /* CreatePromiseCompleteView.swift */,
				85ADC2762BCB105E008E947E /* CreatePromiseCompleteCore.swift */,
			);
			path = CreateComplete;
			sourceTree = "<group>";
		};
		85ADC2782BCB10FB008E947E /* PromisePreview */ = {
			isa = PBXGroup;
			children = (
				85ADC23D2BC6FA3D008E947E /* PromisePreviewView.swift */,
				85ADC23F2BC6FD08008E947E /* PromisePreviewCore.swift */,
			);
			name = PromisePreview;
			path = Map/PromisePreview;
			sourceTree = "<group>";
		};
		85BAC8722C403E03006261F8 /* Auth */ = {
			isa = PBXGroup;
			children = (
				85AA46D02C3CD3A300F42C63 /* AuthRepository.swift */,
				85AA46D42C3CD52E00F42C63 /* AuthRepositoryImpl.swift */,
			);
			path = Auth;
			sourceTree = "<group>";
		};
		85BAC8732C403E14006261F8 /* User */ = {
			isa = PBXGroup;
			children = (
				85BAC8762C403E4E006261F8 /* UserRepository.swift */,
				85BAC87A2C403E63006261F8 /* UserRepositoryImpl.swift */,
			);
			path = User;
			sourceTree = "<group>";
		};
		85BAC87C2C403EC2006261F8 /* Auth */ = {
			isa = PBXGroup;
			children = (
				85AA46DA2C3DF1D600F42C63 /* AuthService.swift */,
			);
			path = Auth;
			sourceTree = "<group>";
		};
		85BAC87D2C403EC7006261F8 /* User */ = {
			isa = PBXGroup;
			children = (
				85BAC87E2C403ED0006261F8 /* UserService.swift */,
			);
			path = User;
			sourceTree = "<group>";
		};
		85BAC8802C40419C006261F8 /* Auth */ = {
			isa = PBXGroup;
			children = (
				85AA46CA2C3CD0AF00F42C63 /* OAuthTokens.swift */,
				85BAC88C2C407411006261F8 /* TokenRefresh.swift */,
			);
			path = Auth;
			sourceTree = "<group>";
		};
		85BAC8812C4041A2006261F8 /* Error */ = {
			isa = PBXGroup;
			children = (
				85AA46D62C3CD55700F42C63 /* ErrorResponse.swift */,
			);
			path = Error;
			sourceTree = "<group>";
		};
		85BAC8822C4041A8006261F8 /* User */ = {
			isa = PBXGroup;
			children = (
				85BAC8832C4041AC006261F8 /* User.swift */,
				8592997F2C40F8B6005EB807 /* ProfileImageResponse.swift */,
				85DD6FF72C66CDB20072FBD1 /* DeleteUser.swift */,
				8528CE072C6FBB690070EFA7 /* UserNameResponse.swift */,
			);
			path = User;
			sourceTree = "<group>";
		};
		85BAC8852C40434A006261F8 /* Auth */ = {
			isa = PBXGroup;
			children = (
				85AA46CE2C3CD38C00F42C63 /* SigninUseCase.swift */,
			);
			path = Auth;
			sourceTree = "<group>";
		};
		85BAC8862C40434F006261F8 /* User */ = {
			isa = PBXGroup;
			children = (
				85BAC8872C40436C006261F8 /* UserUseCase.swift */,
			);
			path = User;
			sourceTree = "<group>";
		};
		85BAC8892C405945006261F8 /* Secure */ = {
			isa = PBXGroup;
			children = (
				85BAC88A2C405951006261F8 /* KeychainManager.swift */,
				859299902C41074B005EB807 /* Tokens.swift */,
			);
			path = Secure;
			sourceTree = "<group>";
		};
		85C2B92E2C42507B0060F16D /* Address */ = {
			isa = PBXGroup;
			children = (
				850702DB2BCCD82600E3E820 /* AddressResponse.swift */,
			);
			path = Address;
			sourceTree = "<group>";
		};
		85C2B9312C427E6D0060F16D /* App */ = {
			isa = PBXGroup;
			children = (
				85CC4F212C7EE7CB003CFC17 /* File.swift */,
				85AA46C82C3C1E7500F42C63 /* AppleSigninDelegate.swift */,
				8598F9DF2BC0361100132DE6 /* Adego_iOSApp.swift */,
				8598F9E12BC0361100132DE6 /* ContentView.swift */,
			);
			path = App;
			sourceTree = "<group>";
		};
		85E307F02C6095250027E122 /* Impl */ = {
			isa = PBXGroup;
			children = (
				85E307F12C60964C0027E122 /* Debouncer.swift */,
			);
			path = Impl;
			sourceTree = "<group>";
		};
		85FBAB352BC0433F008CFC1B /* Signin */ = {
			isa = PBXGroup;
			children = (
				85AA46C22C3B247B00F42C63 /* SigninView.swift */,
				85FBAB3C2BC1A7EB008CFC1B /* SigninCore.swift */,
			);
			path = Signin;
			sourceTree = "<group>";
		};
		85FBAB422BC1AA6A008CFC1B /* SetName */ = {
			isa = PBXGroup;
			children = (
				85FBAB492BC1AAA4008CFC1B /* SetNameView.swift */,
				85FBAB472BC1AA9C008CFC1B /* SetNameCore.swift */,
			);
			path = SetName;
			sourceTree = "<group>";
		};
		85FBAB4B2BC1AF10008CFC1B /* SetProfileImage */ = {
			isa = PBXGroup;
			children = (
				85FBAB4C2BC1AF2D008CFC1B /* SetProfileImageView.swift */,
				85FBAB502BC1AF76008CFC1B /* SetProfileImageCore.swift */,
				85424FE52BC4DCC7007A429D /* Sub */,
			);
			path = SetProfileImage;
			sourceTree = "<group>";
		};
		85FBAB542BC1B103008CFC1B /* Extensions */ = {
			isa = PBXGroup;
			children = (
				85FBAB8A2BC3D772008CFC1B /* Font+Ext.swift */,
				857E49372BC4CF84007E3ABC /* Text+Ext.swift */,
				85ADC2392BC682BB008E947E /* Alert+Ext.swift */,
				85A64D1C2BDD59A60095C46C /* View+Ext.swift */,
			);
			path = Extensions;
			sourceTree = "<group>";
		};
		85FBAB582BC1B8DB008CFC1B /* Frameworks */ = {
			isa = PBXGroup;
			children = (
			);
			name = Frameworks;
			sourceTree = "<group>";
		};
		85FBAB5D2BC1C343008CFC1B /* Components */ = {
			isa = PBXGroup;
			children = (
				85ADC2792BCB17F6008E947E /* WhiteTitleText.swift */,
				85FBAB6F2BC2E75A008CFC1B /* CustomBackButton.swift */,
				85ADC2592BC8C56A008E947E /* CustomInputTextField.swift */,
				85ADC27F2BCC31B4008E947E /* CreatePromiseButton.swift */,
				850702DD2BCDF47800E3E820 /* CustomInfoView.swift */,
			);
			path = Components;
			sourceTree = "<group>";
		};
		85FBAB892BC3D75B008CFC1B /* Fonts */ = {
			isa = PBXGroup;
			children = (
				85FBAB922BC3DA44008CFC1B /* WantedSans-Black.otf */,
				85FBAB8E2BC3DA44008CFC1B /* WantedSans-Bold.otf */,
				85FBAB8D2BC3DA44008CFC1B /* WantedSans-ExtraBlack.otf */,
				85FBAB902BC3DA44008CFC1B /* WantedSans-ExtraBold.otf */,
				85FBAB912BC3DA44008CFC1B /* WantedSans-Medium.otf */,
				85FBAB8C2BC3DA43008CFC1B /* WantedSans-Regular.otf */,
				85FBAB8F2BC3DA44008CFC1B /* WantedSans-SemiBold.otf */,
			);
			path = Fonts;
			sourceTree = "<group>";
		};
/* End PBXGroup section */

/* Begin PBXNativeTarget section */
		8598F9DB2BC0361100132DE6 /* Adego-iOS */ = {
			isa = PBXNativeTarget;
			buildConfigurationList = 8598F9EA2BC0361200132DE6 /* Build configuration list for PBXNativeTarget "Adego-iOS" */;
			buildPhases = (
				8598F9D82BC0361100132DE6 /* Sources */,
				8598F9D92BC0361100132DE6 /* Frameworks */,
				8598F9DA2BC0361100132DE6 /* Resources */,
			);
			buildRules = (
			);
			dependencies = (
			);
			name = "Adego-iOS";
			packageProductDependencies = (
				851490CD2C5401AE008A286E /* Moya */,
				851490D02C54021F008A286E /* ComposableArchitecture */,
				851490D32C540231008A286E /* FlowKit */,
				851490D62C5403AB008A286E /* WrappingHStack */,
			);
			productName = "Adego-iOS";
			productReference = 8598F9DC2BC0361100132DE6 /* Adego-iOS.app */;
			productType = "com.apple.product-type.application";
		};
/* End PBXNativeTarget section */

/* Begin PBXProject section */
		8598F9D42BC0361100132DE6 /* Project object */ = {
			isa = PBXProject;
			attributes = {
				BuildIndependentTargetsInParallel = 1;
				LastSwiftUpdateCheck = 1530;
				LastUpgradeCheck = 1530;
				TargetAttributes = {
					8598F9DB2BC0361100132DE6 = {
						CreatedOnToolsVersion = 15.3;
					};
				};
			};
			buildConfigurationList = 8598F9D72BC0361100132DE6 /* Build configuration list for PBXProject "Adego-iOS" */;
			compatibilityVersion = "Xcode 14.0";
			developmentRegion = en;
			hasScannedForEncodings = 0;
			knownRegions = (
				en,
				Base,
			);
			mainGroup = 8598F9D32BC0361100132DE6;
			packageReferences = (
				851490CC2C5401AE008A286E /* XCRemoteSwiftPackageReference "Moya" */,
				851490CF2C54021F008A286E /* XCRemoteSwiftPackageReference "swift-composable-architecture" */,
				851490D22C540231008A286E /* XCRemoteSwiftPackageReference "FlowKit" */,
				851490D52C5403AB008A286E /* XCRemoteSwiftPackageReference "WrappingHStack" */,
			);
			productRefGroup = 8598F9DD2BC0361100132DE6 /* Products */;
			projectDirPath = "";
			projectRoot = "";
			targets = (
				8598F9DB2BC0361100132DE6 /* Adego-iOS */,
			);
		};
/* End PBXProject section */

/* Begin PBXResourcesBuildPhase section */
		8598F9DA2BC0361100132DE6 /* Resources */ = {
			isa = PBXResourcesBuildPhase;
			buildActionMask = 2147483647;
			files = (
				85FBAB9A2BC40840008CFC1B /* WantedSans-Black.otf in Resources */,
				85FBAB9B2BC40840008CFC1B /* WantedSans-Bold.otf in Resources */,
				85FBAB9C2BC40840008CFC1B /* WantedSans-ExtraBlack.otf in Resources */,
				85FBAB9D2BC40840008CFC1B /* WantedSans-ExtraBold.otf in Resources */,
				85FBAB9E2BC40840008CFC1B /* WantedSans-Medium.otf in Resources */,
				85FBAB9F2BC40840008CFC1B /* WantedSans-Regular.otf in Resources */,
				85FBABA02BC40841008CFC1B /* WantedSans-SemiBold.otf in Resources */,
				8598F9E72BC0361200132DE6 /* Preview Assets.xcassets in Resources */,
				8598F9E42BC0361200132DE6 /* Assets.xcassets in Resources */,
			);
			runOnlyForDeploymentPostprocessing = 0;
		};
/* End PBXResourcesBuildPhase section */

/* Begin PBXSourcesBuildPhase section */
		8598F9D82BC0361100132DE6 /* Sources */ = {
			isa = PBXSourcesBuildPhase;
			buildActionMask = 2147483647;
			files = (
				85ADC23A2BC682BB008E947E /* Alert+Ext.swift in Sources */,
				85ADC26C2BCB0BDD008E947E /* SelectTimeCore.swift in Sources */,
				85ADC24B2BC8BDD0008E947E /* CustomStrokeRoundedButtonStyle.swift in Sources */,
				85BAC87F2C403ED0006261F8 /* UserService.swift in Sources */,
				85FBAB4D2BC1AF2D008CFC1B /* SetProfileImageView.swift in Sources */,
				85ADC2562BC8BF95008E947E /* CreatePromiseCore.swift in Sources */,
				85424FEB2BC508B7007A429D /* MapAnnotationView.swift in Sources */,
				85AA46C92C3C1E7500F42C63 /* AppleSigninDelegate.swift in Sources */,
				850702E62BCE2F8700E3E820 /* SendNotificationCore.swift in Sources */,
				85E307F22C60964C0027E122 /* Debouncer.swift in Sources */,
				85424FEE2BC50A60007A429D /* Location.swift in Sources */,
				85ADC2732BCB1044008E947E /* SelectLocationCore.swift in Sources */,
				85BAC8882C40436C006261F8 /* UserUseCase.swift in Sources */,
				850702EB2BCE4D6B00E3E820 /* SendUser.swift in Sources */,
				851490BF2C52C833008A286E /* DebounceModifier.swift in Sources */,
				85ADC2772BCB105E008E947E /* CreatePromiseCompleteCore.swift in Sources */,
				85A64D222BDEC9F10095C46C /* AppointmentNoneCore.swift in Sources */,
				8592998E2C4102AE005EB807 /* PromiseUseCase.swift in Sources */,
				850702DC2BCCD82600E3E820 /* AddressResponse.swift in Sources */,
				859299912C41074B005EB807 /* Tokens.swift in Sources */,
				85FBAB8B2BC3D772008CFC1B /* Font+Ext.swift in Sources */,
				85DD6FF62C668BC10072FBD1 /* MapCore.swift in Sources */,
				8528CDFE2C6E06970070EFA7 /* CordinateResponse.swift in Sources */,
				859299842C40FF35005EB807 /* PromiseRepository.swift in Sources */,
				85FBAB702BC2E75A008CFC1B /* CustomBackButton.swift in Sources */,
				85CC4F222C7EE7CB003CFC17 /* File.swift in Sources */,
				85A64D202BDEC9CA0095C46C /* AppointmentNoneView.swift in Sources */,
				858DE6A42C4FB87C00340648 /* AddressUseCase.swift in Sources */,
				850702E32BCE2F5700E3E820 /* SendNotificiationView.swift in Sources */,
				85A64D1D2BDD59A60095C46C /* View+Ext.swift in Sources */,
				85FBAB3D2BC1A7EB008CFC1B /* SigninCore.swift in Sources */,
				85ADC26A2BCB0A8E008E947E /* SelectDayCore.swift in Sources */,
				85ADC2622BCAFC2B008E947E /* EditCore.swift in Sources */,
				85FBAB4A2BC1AAA4008CFC1B /* SetNameView.swift in Sources */,
				85BAC88D2C407411006261F8 /* TokenRefresh.swift in Sources */,
				85AA46C32C3B247B00F42C63 /* SigninView.swift in Sources */,
				8528CE082C6FBB690070EFA7 /* UserNameResponse.swift in Sources */,
				85BAC8842C4041AC006261F8 /* User.swift in Sources */,
				8528CE032C6E099A0070EFA7 /* LoationRepositoryImpl.swift in Sources */,
				85ADC27A2BCB17F6008E947E /* WhiteTitleText.swift in Sources */,
				85AA46D12C3CD3A300F42C63 /* AuthRepository.swift in Sources */,
				85ADC2542BC8BF70008E947E /* SettingCore.swift in Sources */,
				85AA46C52C3B248500F42C63 /* MainView.swift in Sources */,
				8530047E2C4C47A400F533EF /* CustomCalendarView.swift in Sources */,
				859299892C410062005EB807 /* PromiseService.swift in Sources */,
				858DE6A22C4FB6E000340648 /* AddressService.swift in Sources */,
				850702DE2BCDF47800E3E820 /* CustomInfoView.swift in Sources */,
				85C2B9372C44105E0060F16D /* Place.swift in Sources */,
				85DD6FF32C668BB50072FBD1 /* MapView.swift in Sources */,
				85AA46D72C3CD55700F42C63 /* ErrorResponse.swift in Sources */,
				859299862C40FF40005EB807 /* PromiseRepositoryImpl.swift in Sources */,
				850702EF2BCE91C800E3E820 /* InvitedAppointmentView.swift in Sources */,
				85AA46D52C3CD52E00F42C63 /* AuthRepositoryImpl.swift in Sources */,
				8528CE0F2C72E2300070EFA7 /* ProfileImageManager.swift in Sources */,
				8598F9E22BC0361100132DE6 /* ContentView.swift in Sources */,
				85ADC2582BC8C129008E947E /* CustomWhiteRoundedButton.swift in Sources */,
				85BAC88B2C405951006261F8 /* KeychainManager.swift in Sources */,
				85424FE92BC50108007A429D /* MainCore.swift in Sources */,
				85FBAB512BC1AF76008CFC1B /* SetProfileImageCore.swift in Sources */,
				8592998C2C4101A2005EB807 /* Promise.swift in Sources */,
				85AA46CF2C3CD38C00F42C63 /* SigninUseCase.swift in Sources */,
				85ADC2682BCB0A87008E947E /* SelectDayView.swift in Sources */,
				858DE69F2C4FB5EA00340648 /* AdressRepositoryImpl.swift in Sources */,
				858DE69D2C4FB5E000340648 /* AddressRepository.swift in Sources */,
				85BAC8772C403E4F006261F8 /* UserRepository.swift in Sources */,
				85ADC2752BCB1054008E947E /* CreatePromiseCompleteView.swift in Sources */,
				85DD6FF82C66CDB20072FBD1 /* DeleteUser.swift in Sources */,
				85ADC26F2BCB0C0C008E947E /* SelectTimeView.swift in Sources */,
				85ADC2602BCAFC22008E947E /* EditView.swift in Sources */,
				85424FE72BC4DCDB007A429D /* ImagePickerView.swift in Sources */,
				85FBAB482BC1AA9C008CFC1B /* SetNameCore.swift in Sources */,
				8528CE062C6E0AF70070EFA7 /* LocationService.swift in Sources */,
				85AA46CB2C3CD0AF00F42C63 /* OAuthTokens.swift in Sources */,
				85ADC25A2BC8C56A008E947E /* CustomInputTextField.swift in Sources */,
				850702F22BCE91F200E3E820 /* InvitedAppointmentCore.swift in Sources */,
				857E49382BC4CF84007E3ABC /* Text+Ext.swift in Sources */,
				85ADC2402BC6FD08008E947E /* PromisePreviewCore.swift in Sources */,
				8528CE012C6E083F0070EFA7 /* LocationRepository.swift in Sources */,
				85ADC23E2BC6FA3D008E947E /* PromisePreviewView.swift in Sources */,
				8598F9E02BC0361100132DE6 /* Adego_iOSApp.swift in Sources */,
				85BAC87B2C403E63006261F8 /* UserRepositoryImpl.swift in Sources */,
				85AA46DB2C3DF1D600F42C63 /* AuthService.swift in Sources */,
				859299802C40F8B6005EB807 /* ProfileImageResponse.swift in Sources */,
				8528CDFB2C69EE5F0070EFA7 /* UserInfo.swift in Sources */,
				8528CE0B2C70C1360070EFA7 /* ImagePickerCore.swift in Sources */,
				85DD6FFA2C6778FD0072FBD1 /* LinkResponse.swift in Sources */,
				85ADC2802BCC31B4008E947E /* CreatePromiseButton.swift in Sources */,
				85ADC2712BCB1034008E947E /* SelectLocationView.swift in Sources */,
				85ADC2502BC8BF37008E947E /* SettingView.swift in Sources */,
				85ADC2522BC8BF46008E947E /* CreatePromiseView.swift in Sources */,
			);
			runOnlyForDeploymentPostprocessing = 0;
		};
/* End PBXSourcesBuildPhase section */

/* Begin XCBuildConfiguration section */
		8598F9E82BC0361200132DE6 /* Debug */ = {
			isa = XCBuildConfiguration;
			buildSettings = {
				ALWAYS_SEARCH_USER_PATHS = NO;
				ASSETCATALOG_COMPILER_GENERATE_SWIFT_ASSET_SYMBOL_EXTENSIONS = YES;
				CLANG_ANALYZER_NONNULL = YES;
				CLANG_ANALYZER_NUMBER_OBJECT_CONVERSION = YES_AGGRESSIVE;
				CLANG_CXX_LANGUAGE_STANDARD = "gnu++20";
				CLANG_ENABLE_MODULES = YES;
				CLANG_ENABLE_OBJC_ARC = YES;
				CLANG_ENABLE_OBJC_WEAK = YES;
				CLANG_WARN_BLOCK_CAPTURE_AUTORELEASING = YES;
				CLANG_WARN_BOOL_CONVERSION = YES;
				CLANG_WARN_COMMA = YES;
				CLANG_WARN_CONSTANT_CONVERSION = YES;
				CLANG_WARN_DEPRECATED_OBJC_IMPLEMENTATIONS = YES;
				CLANG_WARN_DIRECT_OBJC_ISA_USAGE = YES_ERROR;
				CLANG_WARN_DOCUMENTATION_COMMENTS = YES;
				CLANG_WARN_EMPTY_BODY = YES;
				CLANG_WARN_ENUM_CONVERSION = YES;
				CLANG_WARN_INFINITE_RECURSION = YES;
				CLANG_WARN_INT_CONVERSION = YES;
				CLANG_WARN_NON_LITERAL_NULL_CONVERSION = YES;
				CLANG_WARN_OBJC_IMPLICIT_RETAIN_SELF = YES;
				CLANG_WARN_OBJC_LITERAL_CONVERSION = YES;
				CLANG_WARN_OBJC_ROOT_CLASS = YES_ERROR;
				CLANG_WARN_QUOTED_INCLUDE_IN_FRAMEWORK_HEADER = YES;
				CLANG_WARN_RANGE_LOOP_ANALYSIS = YES;
				CLANG_WARN_STRICT_PROTOTYPES = YES;
				CLANG_WARN_SUSPICIOUS_MOVE = YES;
				CLANG_WARN_UNGUARDED_AVAILABILITY = YES_AGGRESSIVE;
				CLANG_WARN_UNREACHABLE_CODE = YES;
				CLANG_WARN__DUPLICATE_METHOD_MATCH = YES;
				COPY_PHASE_STRIP = NO;
				DEBUG_INFORMATION_FORMAT = dwarf;
				ENABLE_STRICT_OBJC_MSGSEND = YES;
				ENABLE_TESTABILITY = YES;
				ENABLE_USER_SCRIPT_SANDBOXING = YES;
				GCC_C_LANGUAGE_STANDARD = gnu17;
				GCC_DYNAMIC_NO_PIC = NO;
				GCC_NO_COMMON_BLOCKS = YES;
				GCC_OPTIMIZATION_LEVEL = 0;
				GCC_PREPROCESSOR_DEFINITIONS = (
					"DEBUG=1",
					"$(inherited)",
				);
				GCC_WARN_64_TO_32_BIT_CONVERSION = YES;
				GCC_WARN_ABOUT_RETURN_TYPE = YES_ERROR;
				GCC_WARN_UNDECLARED_SELECTOR = YES;
				GCC_WARN_UNINITIALIZED_AUTOS = YES_AGGRESSIVE;
				GCC_WARN_UNUSED_FUNCTION = YES;
				GCC_WARN_UNUSED_VARIABLE = YES;
				GENERATE_INFOPLIST_FILE = YES;
				GENERATE_PKGINFO_FILE = YES;
				INFOPLIST_EXPAND_BUILD_SETTINGS = NO;
				INFOPLIST_FILE = "$(SRCROOT)/Adego-iOS/Resource/Info.plist";
				IPHONEOS_DEPLOYMENT_TARGET = 16.0;
				LOCALIZATION_PREFERS_STRING_CATALOGS = YES;
				MTL_ENABLE_DEBUG_INFO = INCLUDE_SOURCE;
				MTL_FAST_MATH = YES;
				ONLY_ACTIVE_ARCH = YES;
				SDKROOT = iphoneos;
				SWIFT_ACTIVE_COMPILATION_CONDITIONS = "DEBUG $(inherited)";
				SWIFT_OPTIMIZATION_LEVEL = "-Onone";
			};
			name = Debug;
		};
		8598F9E92BC0361200132DE6 /* Release */ = {
			isa = XCBuildConfiguration;
			buildSettings = {
				ALWAYS_SEARCH_USER_PATHS = NO;
				ASSETCATALOG_COMPILER_GENERATE_SWIFT_ASSET_SYMBOL_EXTENSIONS = YES;
				CLANG_ANALYZER_NONNULL = YES;
				CLANG_ANALYZER_NUMBER_OBJECT_CONVERSION = YES_AGGRESSIVE;
				CLANG_CXX_LANGUAGE_STANDARD = "gnu++20";
				CLANG_ENABLE_MODULES = YES;
				CLANG_ENABLE_OBJC_ARC = YES;
				CLANG_ENABLE_OBJC_WEAK = YES;
				CLANG_WARN_BLOCK_CAPTURE_AUTORELEASING = YES;
				CLANG_WARN_BOOL_CONVERSION = YES;
				CLANG_WARN_COMMA = YES;
				CLANG_WARN_CONSTANT_CONVERSION = YES;
				CLANG_WARN_DEPRECATED_OBJC_IMPLEMENTATIONS = YES;
				CLANG_WARN_DIRECT_OBJC_ISA_USAGE = YES_ERROR;
				CLANG_WARN_DOCUMENTATION_COMMENTS = YES;
				CLANG_WARN_EMPTY_BODY = YES;
				CLANG_WARN_ENUM_CONVERSION = YES;
				CLANG_WARN_INFINITE_RECURSION = YES;
				CLANG_WARN_INT_CONVERSION = YES;
				CLANG_WARN_NON_LITERAL_NULL_CONVERSION = YES;
				CLANG_WARN_OBJC_IMPLICIT_RETAIN_SELF = YES;
				CLANG_WARN_OBJC_LITERAL_CONVERSION = YES;
				CLANG_WARN_OBJC_ROOT_CLASS = YES_ERROR;
				CLANG_WARN_QUOTED_INCLUDE_IN_FRAMEWORK_HEADER = YES;
				CLANG_WARN_RANGE_LOOP_ANALYSIS = YES;
				CLANG_WARN_STRICT_PROTOTYPES = YES;
				CLANG_WARN_SUSPICIOUS_MOVE = YES;
				CLANG_WARN_UNGUARDED_AVAILABILITY = YES_AGGRESSIVE;
				CLANG_WARN_UNREACHABLE_CODE = YES;
				CLANG_WARN__DUPLICATE_METHOD_MATCH = YES;
				COPY_PHASE_STRIP = NO;
				DEBUG_INFORMATION_FORMAT = "dwarf-with-dsym";
				ENABLE_NS_ASSERTIONS = NO;
				ENABLE_STRICT_OBJC_MSGSEND = YES;
				ENABLE_USER_SCRIPT_SANDBOXING = YES;
				GCC_C_LANGUAGE_STANDARD = gnu17;
				GCC_NO_COMMON_BLOCKS = YES;
				GCC_WARN_64_TO_32_BIT_CONVERSION = YES;
				GCC_WARN_ABOUT_RETURN_TYPE = YES_ERROR;
				GCC_WARN_UNDECLARED_SELECTOR = YES;
				GCC_WARN_UNINITIALIZED_AUTOS = YES_AGGRESSIVE;
				GCC_WARN_UNUSED_FUNCTION = YES;
				GCC_WARN_UNUSED_VARIABLE = YES;
				GENERATE_INFOPLIST_FILE = YES;
				GENERATE_PKGINFO_FILE = YES;
				INFOPLIST_EXPAND_BUILD_SETTINGS = NO;
				INFOPLIST_FILE = "$(SRCROOT)/Adego-iOS/Resource/Info.plist";
				IPHONEOS_DEPLOYMENT_TARGET = 16.0;
				LOCALIZATION_PREFERS_STRING_CATALOGS = YES;
				MTL_ENABLE_DEBUG_INFO = NO;
				MTL_FAST_MATH = YES;
				SDKROOT = iphoneos;
				SWIFT_COMPILATION_MODE = wholemodule;
				VALIDATE_PRODUCT = YES;
			};
			name = Release;
		};
		8598F9EB2BC0361200132DE6 /* Debug */ = {
			isa = XCBuildConfiguration;
			buildSettings = {
				APPLY_RULES_IN_COPY_FILES = NO;
				ASSETCATALOG_COMPILER_APPICON_NAME = AppIcon;
				ASSETCATALOG_COMPILER_GLOBAL_ACCENT_COLOR_NAME = AccentColor;
				CODE_SIGN_ENTITLEMENTS = "Adego-iOS/Resource/Adego-iOS.entitlements";
				CODE_SIGN_IDENTITY = "Apple Development";
				CODE_SIGN_STYLE = Automatic;
				CREATE_INFOPLIST_SECTION_IN_BINARY = NO;
				CURRENT_PROJECT_VERSION = 1;
				DEVELOPMENT_ASSET_PATHS = "\"Adego-iOS/Resource/Preview Content\"";
				DEVELOPMENT_TEAM = 782M695PY5;
				DONT_GENERATE_INFOPLIST_FILE = NO;
				ENABLE_PREVIEWS = YES;
				GENERATE_INFOPLIST_FILE = YES;
				GENERATE_PKGINFO_FILE = YES;
				INFOPLIST_EXPAND_BUILD_SETTINGS = YES;
				INFOPLIST_FILE = "Adego-iOS/Resource/Info.plist";
				INFOPLIST_KEY_NSLocationWhenInUseUsageDescription = "위치 권한을 허용 안 하면 사영에 처한다.";
				INFOPLIST_KEY_UIApplicationSceneManifest_Generation = YES;
				INFOPLIST_KEY_UIApplicationSupportsIndirectInputEvents = YES;
				INFOPLIST_KEY_UILaunchScreen_Generation = YES;
				INFOPLIST_KEY_UISupportedInterfaceOrientations_iPad = "UIInterfaceOrientationPortrait UIInterfaceOrientationPortraitUpsideDown UIInterfaceOrientationLandscapeLeft UIInterfaceOrientationLandscapeRight";
				INFOPLIST_KEY_UISupportedInterfaceOrientations_iPhone = "UIInterfaceOrientationPortrait UIInterfaceOrientationLandscapeLeft UIInterfaceOrientationLandscapeRight";
				INFOPLIST_KEY_UIUserInterfaceStyle = Dark;
				IPHONEOS_DEPLOYMENT_TARGET = 16.0;
				LD_RUNPATH_SEARCH_PATHS = (
					"$(inherited)",
					"@executable_path/Frameworks",
				);
				MARKETING_VERSION = 1.0;
				PRODUCT_BUNDLE_IDENTIFIER = com.sihun.adego.Adego;
				PRODUCT_NAME = "$(TARGET_NAME)";
				PROVISIONING_PROFILE_SPECIFIER = "";
				STRINGS_FILE_INFOPLIST_RENAME = YES;
				SWIFT_EMIT_LOC_STRINGS = YES;
				SWIFT_VERSION = 5.0;
				TARGETED_DEVICE_FAMILY = "1,2";
			};
			name = Debug;
		};
		8598F9EC2BC0361200132DE6 /* Release */ = {
			isa = XCBuildConfiguration;
			buildSettings = {
				APPLY_RULES_IN_COPY_FILES = NO;
				ASSETCATALOG_COMPILER_APPICON_NAME = AppIcon;
				ASSETCATALOG_COMPILER_GLOBAL_ACCENT_COLOR_NAME = AccentColor;
				CODE_SIGN_ENTITLEMENTS = "Adego-iOS/Resource/Adego-iOS.entitlements";
				CODE_SIGN_IDENTITY = "Apple Development";
				CODE_SIGN_STYLE = Automatic;
				CREATE_INFOPLIST_SECTION_IN_BINARY = NO;
				CURRENT_PROJECT_VERSION = 1;
				DEVELOPMENT_ASSET_PATHS = "\"Adego-iOS/Resource/Preview Content\"";
				DEVELOPMENT_TEAM = 782M695PY5;
				DONT_GENERATE_INFOPLIST_FILE = NO;
				ENABLE_PREVIEWS = YES;
				GENERATE_INFOPLIST_FILE = YES;
				GENERATE_PKGINFO_FILE = YES;
				INFOPLIST_EXPAND_BUILD_SETTINGS = YES;
				INFOPLIST_FILE = "Adego-iOS/Resource/Info.plist";
				INFOPLIST_KEY_NSLocationWhenInUseUsageDescription = "위치 권한을 허용 안 하면 사영에 처한다.";
				INFOPLIST_KEY_UIApplicationSceneManifest_Generation = YES;
				INFOPLIST_KEY_UIApplicationSupportsIndirectInputEvents = YES;
				INFOPLIST_KEY_UILaunchScreen_Generation = YES;
				INFOPLIST_KEY_UISupportedInterfaceOrientations_iPad = "UIInterfaceOrientationPortrait UIInterfaceOrientationPortraitUpsideDown UIInterfaceOrientationLandscapeLeft UIInterfaceOrientationLandscapeRight";
				INFOPLIST_KEY_UISupportedInterfaceOrientations_iPhone = "UIInterfaceOrientationPortrait UIInterfaceOrientationLandscapeLeft UIInterfaceOrientationLandscapeRight";
				INFOPLIST_KEY_UIUserInterfaceStyle = Dark;
				IPHONEOS_DEPLOYMENT_TARGET = 16.0;
				LD_RUNPATH_SEARCH_PATHS = (
					"$(inherited)",
					"@executable_path/Frameworks",
				);
				MARKETING_VERSION = 1.0;
				PRODUCT_BUNDLE_IDENTIFIER = com.sihun.adego.Adego;
				PRODUCT_NAME = "$(TARGET_NAME)";
				PROVISIONING_PROFILE_SPECIFIER = "";
				STRINGS_FILE_INFOPLIST_RENAME = YES;
				SWIFT_EMIT_LOC_STRINGS = YES;
				SWIFT_VERSION = 5.0;
				TARGETED_DEVICE_FAMILY = "1,2";
			};
			name = Release;
		};
/* End XCBuildConfiguration section */

/* Begin XCConfigurationList section */
		8598F9D72BC0361100132DE6 /* Build configuration list for PBXProject "Adego-iOS" */ = {
			isa = XCConfigurationList;
			buildConfigurations = (
				8598F9E82BC0361200132DE6 /* Debug */,
				8598F9E92BC0361200132DE6 /* Release */,
			);
			defaultConfigurationIsVisible = 0;
			defaultConfigurationName = Release;
		};
		8598F9EA2BC0361200132DE6 /* Build configuration list for PBXNativeTarget "Adego-iOS" */ = {
			isa = XCConfigurationList;
			buildConfigurations = (
				8598F9EB2BC0361200132DE6 /* Debug */,
				8598F9EC2BC0361200132DE6 /* Release */,
			);
			defaultConfigurationIsVisible = 0;
			defaultConfigurationName = Release;
		};
/* End XCConfigurationList section */

/* Begin XCRemoteSwiftPackageReference section */
		851490CC2C5401AE008A286E /* XCRemoteSwiftPackageReference "Moya" */ = {
			isa = XCRemoteSwiftPackageReference;
			repositoryURL = "https://github.com/Moya/Moya.git";
			requirement = {
				kind = upToNextMajorVersion;
				minimumVersion = 15.0.3;
			};
		};
		851490CF2C54021F008A286E /* XCRemoteSwiftPackageReference "swift-composable-architecture" */ = {
			isa = XCRemoteSwiftPackageReference;
			repositoryURL = "https://github.com/pointfreeco/swift-composable-architecture";
			requirement = {
				kind = upToNextMajorVersion;
				minimumVersion = 1.12.1;
			};
		};
		851490D22C540231008A286E /* XCRemoteSwiftPackageReference "FlowKit" */ = {
			isa = XCRemoteSwiftPackageReference;
			repositoryURL = "https://github.com/choisihun/FlowKit";
			requirement = {
				branch = main;
				kind = branch;
			};
		};
		851490D52C5403AB008A286E /* XCRemoteSwiftPackageReference "WrappingHStack" */ = {
			isa = XCRemoteSwiftPackageReference;
			repositoryURL = "https://github.com/dkk/WrappingHStack.git";
			requirement = {
				kind = upToNextMajorVersion;
				minimumVersion = 2.2.11;
			};
		};
/* End XCRemoteSwiftPackageReference section */

/* Begin XCSwiftPackageProductDependency section */
		851490CD2C5401AE008A286E /* Moya */ = {
			isa = XCSwiftPackageProductDependency;
			package = 851490CC2C5401AE008A286E /* XCRemoteSwiftPackageReference "Moya" */;
			productName = Moya;
		};
		851490D02C54021F008A286E /* ComposableArchitecture */ = {
			isa = XCSwiftPackageProductDependency;
			package = 851490CF2C54021F008A286E /* XCRemoteSwiftPackageReference "swift-composable-architecture" */;
			productName = ComposableArchitecture;
		};
		851490D32C540231008A286E /* FlowKit */ = {
			isa = XCSwiftPackageProductDependency;
			package = 851490D22C540231008A286E /* XCRemoteSwiftPackageReference "FlowKit" */;
			productName = FlowKit;
		};
		851490D62C5403AB008A286E /* WrappingHStack */ = {
			isa = XCSwiftPackageProductDependency;
			package = 851490D52C5403AB008A286E /* XCRemoteSwiftPackageReference "WrappingHStack" */;
			productName = WrappingHStack;
		};
/* End XCSwiftPackageProductDependency section */
	};
	rootObject = 8598F9D42BC0361100132DE6 /* Project object */;
}
