// !$*UTF8*$!
{
	archiveVersion = 1;
	classes = {
	};
	objectVersion = 56;
	objects = {

/* Begin PBXBuildFile section */
		85424FE72BC4DCDB007A429D /* ImagePickerView.swift in Sources */ = {isa = PBXBuildFile; fileRef = 85424FE62BC4DCDB007A429D /* ImagePickerView.swift */; };
		85424FE92BC50108007A429D /* MainCore.swift in Sources */ = {isa = PBXBuildFile; fileRef = 85424FE82BC50108007A429D /* MainCore.swift */; };
		85424FEB2BC508B7007A429D /* MapAnnotationView.swift in Sources */ = {isa = PBXBuildFile; fileRef = 85424FEA2BC508B7007A429D /* MapAnnotationView.swift */; };
		85424FEE2BC50A60007A429D /* Location.swift in Sources */ = {isa = PBXBuildFile; fileRef = 85424FED2BC50A60007A429D /* Location.swift */; };
		85424FF02BC655FA007A429D /* MKCoordinateRegion.swift in Sources */ = {isa = PBXBuildFile; fileRef = 85424FEF2BC655FA007A429D /* MKCoordinateRegion.swift */; };
		857E49382BC4CF84007E3ABC /* Text.swift in Sources */ = {isa = PBXBuildFile; fileRef = 857E49372BC4CF84007E3ABC /* Text.swift */; };
		8598F9E02BC0361100132DE6 /* Adego_iOSApp.swift in Sources */ = {isa = PBXBuildFile; fileRef = 8598F9DF2BC0361100132DE6 /* Adego_iOSApp.swift */; };
		8598F9E22BC0361100132DE6 /* ContentView.swift in Sources */ = {isa = PBXBuildFile; fileRef = 8598F9E12BC0361100132DE6 /* ContentView.swift */; };
		8598F9E42BC0361200132DE6 /* Assets.xcassets in Resources */ = {isa = PBXBuildFile; fileRef = 8598F9E32BC0361200132DE6 /* Assets.xcassets */; };
		8598F9E72BC0361200132DE6 /* Preview Assets.xcassets in Resources */ = {isa = PBXBuildFile; fileRef = 8598F9E62BC0361200132DE6 /* Preview Assets.xcassets */; };
		85ADC23A2BC682BB008E947E /* Alert.swift in Sources */ = {isa = PBXBuildFile; fileRef = 85ADC2392BC682BB008E947E /* Alert.swift */; };
		85ADC23E2BC6FA3D008E947E /* PromisePreviewView.swift in Sources */ = {isa = PBXBuildFile; fileRef = 85ADC23D2BC6FA3D008E947E /* PromisePreviewView.swift */; };
		85ADC2402BC6FD08008E947E /* PromisePreviewCore.swift in Sources */ = {isa = PBXBuildFile; fileRef = 85ADC23F2BC6FD08008E947E /* PromisePreviewCore.swift */; };
		85FBAB342BC0433E008CFC1B /* SigninView.swift in Sources */ = {isa = PBXBuildFile; fileRef = 85FBAB332BC0433E008CFC1B /* SigninView.swift */; };
		85FBAB382BC045CE008CFC1B /* MainView.swift in Sources */ = {isa = PBXBuildFile; fileRef = 85FBAB372BC045CE008CFC1B /* MainView.swift */; };
		85FBAB3D2BC1A7EB008CFC1B /* SigninCore.swift in Sources */ = {isa = PBXBuildFile; fileRef = 85FBAB3C2BC1A7EB008CFC1B /* SigninCore.swift */; };
		85FBAB482BC1AA9C008CFC1B /* SetNameCore.swift in Sources */ = {isa = PBXBuildFile; fileRef = 85FBAB472BC1AA9C008CFC1B /* SetNameCore.swift */; };
		85FBAB4A2BC1AAA4008CFC1B /* SetNameView.swift in Sources */ = {isa = PBXBuildFile; fileRef = 85FBAB492BC1AAA4008CFC1B /* SetNameView.swift */; };
		85FBAB4D2BC1AF2D008CFC1B /* SetProfileImageView.swift in Sources */ = {isa = PBXBuildFile; fileRef = 85FBAB4C2BC1AF2D008CFC1B /* SetProfileImageView.swift */; };
		85FBAB512BC1AF76008CFC1B /* SetProfileImageCore.swift in Sources */ = {isa = PBXBuildFile; fileRef = 85FBAB502BC1AF76008CFC1B /* SetProfileImageCore.swift */; };
		85FBAB682BC2DF93008CFC1B /* ComposableArchitecture in Frameworks */ = {isa = PBXBuildFile; productRef = 85FBAB672BC2DF93008CFC1B /* ComposableArchitecture */; };
		85FBAB6E2BC2E3EC008CFC1B /* FlowKit in Frameworks */ = {isa = PBXBuildFile; productRef = 85FBAB6D2BC2E3EC008CFC1B /* FlowKit */; };
		85FBAB702BC2E75A008CFC1B /* CustomBackButton.swift in Sources */ = {isa = PBXBuildFile; fileRef = 85FBAB6F2BC2E75A008CFC1B /* CustomBackButton.swift */; };
		85FBAB8B2BC3D772008CFC1B /* Font.swift in Sources */ = {isa = PBXBuildFile; fileRef = 85FBAB8A2BC3D772008CFC1B /* Font.swift */; };
		85FBAB9A2BC40840008CFC1B /* WantedSans-Black.otf in Resources */ = {isa = PBXBuildFile; fileRef = 85FBAB922BC3DA44008CFC1B /* WantedSans-Black.otf */; };
		85FBAB9B2BC40840008CFC1B /* WantedSans-Bold.otf in Resources */ = {isa = PBXBuildFile; fileRef = 85FBAB8E2BC3DA44008CFC1B /* WantedSans-Bold.otf */; };
		85FBAB9C2BC40840008CFC1B /* WantedSans-ExtraBlack.otf in Resources */ = {isa = PBXBuildFile; fileRef = 85FBAB8D2BC3DA44008CFC1B /* WantedSans-ExtraBlack.otf */; };
		85FBAB9D2BC40840008CFC1B /* WantedSans-ExtraBold.otf in Resources */ = {isa = PBXBuildFile; fileRef = 85FBAB902BC3DA44008CFC1B /* WantedSans-ExtraBold.otf */; };
		85FBAB9E2BC40840008CFC1B /* WantedSans-Medium.otf in Resources */ = {isa = PBXBuildFile; fileRef = 85FBAB912BC3DA44008CFC1B /* WantedSans-Medium.otf */; };
		85FBAB9F2BC40840008CFC1B /* WantedSans-Regular.otf in Resources */ = {isa = PBXBuildFile; fileRef = 85FBAB8C2BC3DA43008CFC1B /* WantedSans-Regular.otf */; };
		85FBABA02BC40841008CFC1B /* WantedSans-SemiBold.otf in Resources */ = {isa = PBXBuildFile; fileRef = 85FBAB8F2BC3DA44008CFC1B /* WantedSans-SemiBold.otf */; };
/* End PBXBuildFile section */

/* Begin PBXFileReference section */
		85424FE62BC4DCDB007A429D /* ImagePickerView.swift */ = {isa = PBXFileReference; lastKnownFileType = sourcecode.swift; path = ImagePickerView.swift; sourceTree = "<group>"; };
		85424FE82BC50108007A429D /* MainCore.swift */ = {isa = PBXFileReference; lastKnownFileType = sourcecode.swift; path = MainCore.swift; sourceTree = "<group>"; };
		85424FEA2BC508B7007A429D /* MapAnnotationView.swift */ = {isa = PBXFileReference; fileEncoding = 4; lastKnownFileType = sourcecode.swift; path = MapAnnotationView.swift; sourceTree = "<group>"; };
		85424FED2BC50A60007A429D /* Location.swift */ = {isa = PBXFileReference; lastKnownFileType = sourcecode.swift; path = Location.swift; sourceTree = "<group>"; };
		85424FEF2BC655FA007A429D /* MKCoordinateRegion.swift */ = {isa = PBXFileReference; lastKnownFileType = sourcecode.swift; path = MKCoordinateRegion.swift; sourceTree = "<group>"; };
		857E49372BC4CF84007E3ABC /* Text.swift */ = {isa = PBXFileReference; lastKnownFileType = sourcecode.swift; path = Text.swift; sourceTree = "<group>"; };
		8598F9DC2BC0361100132DE6 /* Adego-iOS.app */ = {isa = PBXFileReference; explicitFileType = wrapper.application; includeInIndex = 0; path = "Adego-iOS.app"; sourceTree = BUILT_PRODUCTS_DIR; };
		8598F9DF2BC0361100132DE6 /* Adego_iOSApp.swift */ = {isa = PBXFileReference; lastKnownFileType = sourcecode.swift; path = Adego_iOSApp.swift; sourceTree = "<group>"; };
		8598F9E12BC0361100132DE6 /* ContentView.swift */ = {isa = PBXFileReference; lastKnownFileType = sourcecode.swift; path = ContentView.swift; sourceTree = "<group>"; };
		8598F9E32BC0361200132DE6 /* Assets.xcassets */ = {isa = PBXFileReference; lastKnownFileType = folder.assetcatalog; path = Assets.xcassets; sourceTree = "<group>"; };
		8598F9E62BC0361200132DE6 /* Preview Assets.xcassets */ = {isa = PBXFileReference; lastKnownFileType = folder.assetcatalog; path = "Preview Assets.xcassets"; sourceTree = "<group>"; };
		85ADC2392BC682BB008E947E /* Alert.swift */ = {isa = PBXFileReference; lastKnownFileType = sourcecode.swift; path = Alert.swift; sourceTree = "<group>"; };
		85ADC23D2BC6FA3D008E947E /* PromisePreviewView.swift */ = {isa = PBXFileReference; lastKnownFileType = sourcecode.swift; path = PromisePreviewView.swift; sourceTree = "<group>"; };
		85ADC23F2BC6FD08008E947E /* PromisePreviewCore.swift */ = {isa = PBXFileReference; lastKnownFileType = sourcecode.swift; path = PromisePreviewCore.swift; sourceTree = "<group>"; };
		85FBAB332BC0433E008CFC1B /* SigninView.swift */ = {isa = PBXFileReference; lastKnownFileType = sourcecode.swift; name = SigninView.swift; path = "Adego-iOS/Source/Feature/Auth/Signin/SigninView.swift"; sourceTree = SOURCE_ROOT; };
		85FBAB372BC045CE008CFC1B /* MainView.swift */ = {isa = PBXFileReference; lastKnownFileType = sourcecode.swift; name = MainView.swift; path = "Adego-iOS/Source/Feature/Main/MainView.swift"; sourceTree = SOURCE_ROOT; };
		85FBAB3C2BC1A7EB008CFC1B /* SigninCore.swift */ = {isa = PBXFileReference; lastKnownFileType = sourcecode.swift; path = SigninCore.swift; sourceTree = "<group>"; };
		85FBAB472BC1AA9C008CFC1B /* SetNameCore.swift */ = {isa = PBXFileReference; lastKnownFileType = sourcecode.swift; path = SetNameCore.swift; sourceTree = "<group>"; };
		85FBAB492BC1AAA4008CFC1B /* SetNameView.swift */ = {isa = PBXFileReference; lastKnownFileType = sourcecode.swift; path = SetNameView.swift; sourceTree = "<group>"; };
		85FBAB4C2BC1AF2D008CFC1B /* SetProfileImageView.swift */ = {isa = PBXFileReference; lastKnownFileType = sourcecode.swift; path = SetProfileImageView.swift; sourceTree = "<group>"; };
		85FBAB502BC1AF76008CFC1B /* SetProfileImageCore.swift */ = {isa = PBXFileReference; lastKnownFileType = sourcecode.swift; path = SetProfileImageCore.swift; sourceTree = "<group>"; };
		85FBAB6F2BC2E75A008CFC1B /* CustomBackButton.swift */ = {isa = PBXFileReference; lastKnownFileType = sourcecode.swift; path = CustomBackButton.swift; sourceTree = "<group>"; };
		85FBAB8A2BC3D772008CFC1B /* Font.swift */ = {isa = PBXFileReference; lastKnownFileType = sourcecode.swift; path = Font.swift; sourceTree = "<group>"; };
		85FBAB8C2BC3DA43008CFC1B /* WantedSans-Regular.otf */ = {isa = PBXFileReference; lastKnownFileType = file; path = "WantedSans-Regular.otf"; sourceTree = "<group>"; };
		85FBAB8D2BC3DA44008CFC1B /* WantedSans-ExtraBlack.otf */ = {isa = PBXFileReference; lastKnownFileType = file; path = "WantedSans-ExtraBlack.otf"; sourceTree = "<group>"; };
		85FBAB8E2BC3DA44008CFC1B /* WantedSans-Bold.otf */ = {isa = PBXFileReference; lastKnownFileType = file; path = "WantedSans-Bold.otf"; sourceTree = "<group>"; };
		85FBAB8F2BC3DA44008CFC1B /* WantedSans-SemiBold.otf */ = {isa = PBXFileReference; lastKnownFileType = file; path = "WantedSans-SemiBold.otf"; sourceTree = "<group>"; };
		85FBAB902BC3DA44008CFC1B /* WantedSans-ExtraBold.otf */ = {isa = PBXFileReference; lastKnownFileType = file; path = "WantedSans-ExtraBold.otf"; sourceTree = "<group>"; };
		85FBAB912BC3DA44008CFC1B /* WantedSans-Medium.otf */ = {isa = PBXFileReference; lastKnownFileType = file; path = "WantedSans-Medium.otf"; sourceTree = "<group>"; };
		85FBAB922BC3DA44008CFC1B /* WantedSans-Black.otf */ = {isa = PBXFileReference; lastKnownFileType = file; path = "WantedSans-Black.otf"; sourceTree = "<group>"; };
/* End PBXFileReference section */

/* Begin PBXFrameworksBuildPhase section */
		8598F9D92BC0361100132DE6 /* Frameworks */ = {
			isa = PBXFrameworksBuildPhase;
			buildActionMask = 2147483647;
			files = (
				85FBAB682BC2DF93008CFC1B /* ComposableArchitecture in Frameworks */,
				85FBAB6E2BC2E3EC008CFC1B /* FlowKit in Frameworks */,
			);
			runOnlyForDeploymentPostprocessing = 0;
		};
/* End PBXFrameworksBuildPhase section */

/* Begin PBXGroup section */
		85424FE52BC4DCC7007A429D /* Sub */ = {
			isa = PBXGroup;
			children = (
				85424FE62BC4DCDB007A429D /* ImagePickerView.swift */,
			);
			path = Sub;
			sourceTree = "<group>";
		};
		85424FEC2BC508B8007A429D /* Map */ = {
			isa = PBXGroup;
			children = (
				85424FEA2BC508B7007A429D /* MapAnnotationView.swift */,
				85ADC23D2BC6FA3D008E947E /* PromisePreviewView.swift */,
				85ADC23F2BC6FD08008E947E /* PromisePreviewCore.swift */,
				85424FED2BC50A60007A429D /* Location.swift */,
			);
			path = Map;
			sourceTree = "<group>";
		};
		8598F9D32BC0361100132DE6 = {
			isa = PBXGroup;
			children = (
				8598F9DE2BC0361100132DE6 /* Adego-iOS */,
				8598F9DD2BC0361100132DE6 /* Products */,
				85FBAB582BC1B8DB008CFC1B /* Frameworks */,
			);
			sourceTree = "<group>";
		};
		8598F9DD2BC0361100132DE6 /* Products */ = {
			isa = PBXGroup;
			children = (
				8598F9DC2BC0361100132DE6 /* Adego-iOS.app */,
			);
			name = Products;
			sourceTree = "<group>";
		};
		8598F9DE2BC0361100132DE6 /* Adego-iOS */ = {
			isa = PBXGroup;
			children = (
				8598F9F42BC0375600132DE6 /* Source */,
				8598F9F32BC0374900132DE6 /* Resource */,
			);
			path = "Adego-iOS";
			sourceTree = "<group>";
		};
		8598F9E52BC0361200132DE6 /* Preview Content */ = {
			isa = PBXGroup;
			children = (
				8598F9E62BC0361200132DE6 /* Preview Assets.xcassets */,
			);
			path = "Preview Content";
			sourceTree = "<group>";
		};
		8598F9F32BC0374900132DE6 /* Resource */ = {
			isa = PBXGroup;
			children = (
				85FBAB892BC3D75B008CFC1B /* Fonts */,
				8598F9E52BC0361200132DE6 /* Preview Content */,
				8598F9DF2BC0361100132DE6 /* Adego_iOSApp.swift */,
				8598F9E12BC0361100132DE6 /* ContentView.swift */,
				8598F9E32BC0361200132DE6 /* Assets.xcassets */,
			);
			path = Resource;
			sourceTree = "<group>";
		};
		8598F9F42BC0375600132DE6 /* Source */ = {
			isa = PBXGroup;
			children = (
				8598F9F62BC0381100132DE6 /* Feature */,
			);
			path = Source;
			sourceTree = "<group>";
		};
		8598F9F62BC0381100132DE6 /* Feature */ = {
			isa = PBXGroup;
			children = (
				85FBAB5D2BC1C343008CFC1B /* Components */,
				85FBAB542BC1B103008CFC1B /* Extension */,
				8598FA032BC03EC400132DE6 /* Auth */,
				8598FA022BC03EB300132DE6 /* Main */,
			);
			path = Feature;
			sourceTree = "<group>";
		};
		8598FA022BC03EB300132DE6 /* Main */ = {
			isa = PBXGroup;
			children = (
				85FBAB372BC045CE008CFC1B /* MainView.swift */,
				85424FE82BC50108007A429D /* MainCore.swift */,
				85424FEC2BC508B8007A429D /* Map */,
			);
			path = Main;
			sourceTree = "<group>";
		};
		8598FA032BC03EC400132DE6 /* Auth */ = {
			isa = PBXGroup;
			children = (
				85FBAB352BC0433F008CFC1B /* Signin */,
				85FBAB422BC1AA6A008CFC1B /* SetName */,
				85FBAB4B2BC1AF10008CFC1B /* SetProfileImage */,
			);
			path = Auth;
			sourceTree = "<group>";
		};
		85FBAB352BC0433F008CFC1B /* Signin */ = {
			isa = PBXGroup;
			children = (
				85FBAB332BC0433E008CFC1B /* SigninView.swift */,
				85FBAB3C2BC1A7EB008CFC1B /* SigninCore.swift */,
			);
			path = Signin;
			sourceTree = "<group>";
		};
		85FBAB422BC1AA6A008CFC1B /* SetName */ = {
			isa = PBXGroup;
			children = (
				85FBAB492BC1AAA4008CFC1B /* SetNameView.swift */,
				85FBAB472BC1AA9C008CFC1B /* SetNameCore.swift */,
			);
			path = SetName;
			sourceTree = "<group>";
		};
		85FBAB4B2BC1AF10008CFC1B /* SetProfileImage */ = {
			isa = PBXGroup;
			children = (
				85FBAB4C2BC1AF2D008CFC1B /* SetProfileImageView.swift */,
				85FBAB502BC1AF76008CFC1B /* SetProfileImageCore.swift */,
				85424FE52BC4DCC7007A429D /* Sub */,
			);
			path = SetProfileImage;
			sourceTree = "<group>";
		};
		85FBAB542BC1B103008CFC1B /* Extension */ = {
			isa = PBXGroup;
			children = (
				85FBAB8A2BC3D772008CFC1B /* Font.swift */,
				857E49372BC4CF84007E3ABC /* Text.swift */,
				85424FEF2BC655FA007A429D /* MKCoordinateRegion.swift */,
				85ADC2392BC682BB008E947E /* Alert.swift */,
			);
			path = Extension;
			sourceTree = "<group>";
		};
		85FBAB582BC1B8DB008CFC1B /* Frameworks */ = {
			isa = PBXGroup;
			children = (
			);
			name = Frameworks;
			sourceTree = "<group>";
		};
		85FBAB5D2BC1C343008CFC1B /* Components */ = {
			isa = PBXGroup;
			children = (
				85FBAB6F2BC2E75A008CFC1B /* CustomBackButton.swift */,
			);
			path = Components;
			sourceTree = "<group>";
		};
		85FBAB892BC3D75B008CFC1B /* Fonts */ = {
			isa = PBXGroup;
			children = (
				85FBAB922BC3DA44008CFC1B /* WantedSans-Black.otf */,
				85FBAB8E2BC3DA44008CFC1B /* WantedSans-Bold.otf */,
				85FBAB8D2BC3DA44008CFC1B /* WantedSans-ExtraBlack.otf */,
				85FBAB902BC3DA44008CFC1B /* WantedSans-ExtraBold.otf */,
				85FBAB912BC3DA44008CFC1B /* WantedSans-Medium.otf */,
				85FBAB8C2BC3DA43008CFC1B /* WantedSans-Regular.otf */,
				85FBAB8F2BC3DA44008CFC1B /* WantedSans-SemiBold.otf */,
			);
			path = Fonts;
			sourceTree = "<group>";
		};
/* End PBXGroup section */

/* Begin PBXNativeTarget section */
		8598F9DB2BC0361100132DE6 /* Adego-iOS */ = {
			isa = PBXNativeTarget;
			buildConfigurationList = 8598F9EA2BC0361200132DE6 /* Build configuration list for PBXNativeTarget "Adego-iOS" */;
			buildPhases = (
				8598F9D82BC0361100132DE6 /* Sources */,
				8598F9D92BC0361100132DE6 /* Frameworks */,
				8598F9DA2BC0361100132DE6 /* Resources */,
			);
			buildRules = (
			);
			dependencies = (
			);
			name = "Adego-iOS";
			packageProductDependencies = (
				85FBAB672BC2DF93008CFC1B /* ComposableArchitecture */,
				85FBAB6D2BC2E3EC008CFC1B /* FlowKit */,
			);
			productName = "Adego-iOS";
			productReference = 8598F9DC2BC0361100132DE6 /* Adego-iOS.app */;
			productType = "com.apple.product-type.application";
		};
/* End PBXNativeTarget section */

/* Begin PBXProject section */
		8598F9D42BC0361100132DE6 /* Project object */ = {
			isa = PBXProject;
			attributes = {
				BuildIndependentTargetsInParallel = 1;
				LastSwiftUpdateCheck = 1530;
				LastUpgradeCheck = 1530;
				TargetAttributes = {
					8598F9DB2BC0361100132DE6 = {
						CreatedOnToolsVersion = 15.3;
					};
				};
			};
			buildConfigurationList = 8598F9D72BC0361100132DE6 /* Build configuration list for PBXProject "Adego-iOS" */;
			compatibilityVersion = "Xcode 14.0";
			developmentRegion = en;
			hasScannedForEncodings = 0;
			knownRegions = (
				en,
				Base,
			);
			mainGroup = 8598F9D32BC0361100132DE6;
			packageReferences = (
				85FBAB662BC2DF93008CFC1B /* XCRemoteSwiftPackageReference "swift-composable-architecture" */,
				85FBAB6C2BC2E3EC008CFC1B /* XCRemoteSwiftPackageReference "FlowKit" */,
			);
			productRefGroup = 8598F9DD2BC0361100132DE6 /* Products */;
			projectDirPath = "";
			projectRoot = "";
			targets = (
				8598F9DB2BC0361100132DE6 /* Adego-iOS */,
			);
		};
/* End PBXProject section */

/* Begin PBXResourcesBuildPhase section */
		8598F9DA2BC0361100132DE6 /* Resources */ = {
			isa = PBXResourcesBuildPhase;
			buildActionMask = 2147483647;
			files = (
				85FBAB9A2BC40840008CFC1B /* WantedSans-Black.otf in Resources */,
				85FBAB9B2BC40840008CFC1B /* WantedSans-Bold.otf in Resources */,
				85FBAB9C2BC40840008CFC1B /* WantedSans-ExtraBlack.otf in Resources */,
				85FBAB9D2BC40840008CFC1B /* WantedSans-ExtraBold.otf in Resources */,
				85FBAB9E2BC40840008CFC1B /* WantedSans-Medium.otf in Resources */,
				85FBAB9F2BC40840008CFC1B /* WantedSans-Regular.otf in Resources */,
				85FBABA02BC40841008CFC1B /* WantedSans-SemiBold.otf in Resources */,
				8598F9E72BC0361200132DE6 /* Preview Assets.xcassets in Resources */,
				8598F9E42BC0361200132DE6 /* Assets.xcassets in Resources */,
			);
			runOnlyForDeploymentPostprocessing = 0;
		};
/* End PBXResourcesBuildPhase section */

/* Begin PBXSourcesBuildPhase section */
		8598F9D82BC0361100132DE6 /* Sources */ = {
			isa = PBXSourcesBuildPhase;
			buildActionMask = 2147483647;
			files = (
				85ADC23A2BC682BB008E947E /* Alert.swift in Sources */,
				85FBAB4D2BC1AF2D008CFC1B /* SetProfileImageView.swift in Sources */,
				85424FEB2BC508B7007A429D /* MapAnnotationView.swift in Sources */,
				85424FEE2BC50A60007A429D /* Location.swift in Sources */,
				85FBAB8B2BC3D772008CFC1B /* Font.swift in Sources */,
				85FBAB702BC2E75A008CFC1B /* CustomBackButton.swift in Sources */,
				85FBAB382BC045CE008CFC1B /* MainView.swift in Sources */,
				85FBAB3D2BC1A7EB008CFC1B /* SigninCore.swift in Sources */,
				85424FF02BC655FA007A429D /* MKCoordinateRegion.swift in Sources */,
				85FBAB4A2BC1AAA4008CFC1B /* SetNameView.swift in Sources */,
				8598F9E22BC0361100132DE6 /* ContentView.swift in Sources */,
				85424FE92BC50108007A429D /* MainCore.swift in Sources */,
				85FBAB512BC1AF76008CFC1B /* SetProfileImageCore.swift in Sources */,
				85FBAB342BC0433E008CFC1B /* SigninView.swift in Sources */,
				85424FE72BC4DCDB007A429D /* ImagePickerView.swift in Sources */,
				85FBAB482BC1AA9C008CFC1B /* SetNameCore.swift in Sources */,
				857E49382BC4CF84007E3ABC /* Text.swift in Sources */,
				85ADC2402BC6FD08008E947E /* PromisePreviewCore.swift in Sources */,
				85ADC23E2BC6FA3D008E947E /* PromisePreviewView.swift in Sources */,
				8598F9E02BC0361100132DE6 /* Adego_iOSApp.swift in Sources */,
			);
			runOnlyForDeploymentPostprocessing = 0;
		};
/* End PBXSourcesBuildPhase section */

/* Begin XCBuildConfiguration section */
		8598F9E82BC0361200132DE6 /* Debug */ = {
			isa = XCBuildConfiguration;
			buildSettings = {
				ALWAYS_SEARCH_USER_PATHS = NO;
				ASSETCATALOG_COMPILER_GENERATE_SWIFT_ASSET_SYMBOL_EXTENSIONS = YES;
				CLANG_ANALYZER_NONNULL = YES;
				CLANG_ANALYZER_NUMBER_OBJECT_CONVERSION = YES_AGGRESSIVE;
				CLANG_CXX_LANGUAGE_STANDARD = "gnu++20";
				CLANG_ENABLE_MODULES = YES;
				CLANG_ENABLE_OBJC_ARC = YES;
				CLANG_ENABLE_OBJC_WEAK = YES;
				CLANG_WARN_BLOCK_CAPTURE_AUTORELEASING = YES;
				CLANG_WARN_BOOL_CONVERSION = YES;
				CLANG_WARN_COMMA = YES;
				CLANG_WARN_CONSTANT_CONVERSION = YES;
				CLANG_WARN_DEPRECATED_OBJC_IMPLEMENTATIONS = YES;
				CLANG_WARN_DIRECT_OBJC_ISA_USAGE = YES_ERROR;
				CLANG_WARN_DOCUMENTATION_COMMENTS = YES;
				CLANG_WARN_EMPTY_BODY = YES;
				CLANG_WARN_ENUM_CONVERSION = YES;
				CLANG_WARN_INFINITE_RECURSION = YES;
				CLANG_WARN_INT_CONVERSION = YES;
				CLANG_WARN_NON_LITERAL_NULL_CONVERSION = YES;
				CLANG_WARN_OBJC_IMPLICIT_RETAIN_SELF = YES;
				CLANG_WARN_OBJC_LITERAL_CONVERSION = YES;
				CLANG_WARN_OBJC_ROOT_CLASS = YES_ERROR;
				CLANG_WARN_QUOTED_INCLUDE_IN_FRAMEWORK_HEADER = YES;
				CLANG_WARN_RANGE_LOOP_ANALYSIS = YES;
				CLANG_WARN_STRICT_PROTOTYPES = YES;
				CLANG_WARN_SUSPICIOUS_MOVE = YES;
				CLANG_WARN_UNGUARDED_AVAILABILITY = YES_AGGRESSIVE;
				CLANG_WARN_UNREACHABLE_CODE = YES;
				CLANG_WARN__DUPLICATE_METHOD_MATCH = YES;
				COPY_PHASE_STRIP = NO;
				DEBUG_INFORMATION_FORMAT = dwarf;
				ENABLE_STRICT_OBJC_MSGSEND = YES;
				ENABLE_TESTABILITY = YES;
				ENABLE_USER_SCRIPT_SANDBOXING = YES;
				GCC_C_LANGUAGE_STANDARD = gnu17;
				GCC_DYNAMIC_NO_PIC = NO;
				GCC_NO_COMMON_BLOCKS = YES;
				GCC_OPTIMIZATION_LEVEL = 0;
				GCC_PREPROCESSOR_DEFINITIONS = (
					"DEBUG=1",
					"$(inherited)",
				);
				GCC_WARN_64_TO_32_BIT_CONVERSION = YES;
				GCC_WARN_ABOUT_RETURN_TYPE = YES_ERROR;
				GCC_WARN_UNDECLARED_SELECTOR = YES;
				GCC_WARN_UNINITIALIZED_AUTOS = YES_AGGRESSIVE;
				GCC_WARN_UNUSED_FUNCTION = YES;
				GCC_WARN_UNUSED_VARIABLE = YES;
				GENERATE_INFOPLIST_FILE = YES;
				GENERATE_PKGINFO_FILE = YES;
				INFOPLIST_FILE = "/Adego-iOS/Resource/Info.plist";
				IPHONEOS_DEPLOYMENT_TARGET = 16.0;
				LOCALIZATION_PREFERS_STRING_CATALOGS = YES;
				MTL_ENABLE_DEBUG_INFO = INCLUDE_SOURCE;
				MTL_FAST_MATH = YES;
				ONLY_ACTIVE_ARCH = YES;
				SDKROOT = iphoneos;
				SWIFT_ACTIVE_COMPILATION_CONDITIONS = "DEBUG $(inherited)";
				SWIFT_OPTIMIZATION_LEVEL = "-Onone";
			};
			name = Debug;
		};
		8598F9E92BC0361200132DE6 /* Release */ = {
			isa = XCBuildConfiguration;
			buildSettings = {
				ALWAYS_SEARCH_USER_PATHS = NO;
				ASSETCATALOG_COMPILER_GENERATE_SWIFT_ASSET_SYMBOL_EXTENSIONS = YES;
				CLANG_ANALYZER_NONNULL = YES;
				CLANG_ANALYZER_NUMBER_OBJECT_CONVERSION = YES_AGGRESSIVE;
				CLANG_CXX_LANGUAGE_STANDARD = "gnu++20";
				CLANG_ENABLE_MODULES = YES;
				CLANG_ENABLE_OBJC_ARC = YES;
				CLANG_ENABLE_OBJC_WEAK = YES;
				CLANG_WARN_BLOCK_CAPTURE_AUTORELEASING = YES;
				CLANG_WARN_BOOL_CONVERSION = YES;
				CLANG_WARN_COMMA = YES;
				CLANG_WARN_CONSTANT_CONVERSION = YES;
				CLANG_WARN_DEPRECATED_OBJC_IMPLEMENTATIONS = YES;
				CLANG_WARN_DIRECT_OBJC_ISA_USAGE = YES_ERROR;
				CLANG_WARN_DOCUMENTATION_COMMENTS = YES;
				CLANG_WARN_EMPTY_BODY = YES;
				CLANG_WARN_ENUM_CONVERSION = YES;
				CLANG_WARN_INFINITE_RECURSION = YES;
				CLANG_WARN_INT_CONVERSION = YES;
				CLANG_WARN_NON_LITERAL_NULL_CONVERSION = YES;
				CLANG_WARN_OBJC_IMPLICIT_RETAIN_SELF = YES;
				CLANG_WARN_OBJC_LITERAL_CONVERSION = YES;
				CLANG_WARN_OBJC_ROOT_CLASS = YES_ERROR;
				CLANG_WARN_QUOTED_INCLUDE_IN_FRAMEWORK_HEADER = YES;
				CLANG_WARN_RANGE_LOOP_ANALYSIS = YES;
				CLANG_WARN_STRICT_PROTOTYPES = YES;
				CLANG_WARN_SUSPICIOUS_MOVE = YES;
				CLANG_WARN_UNGUARDED_AVAILABILITY = YES_AGGRESSIVE;
				CLANG_WARN_UNREACHABLE_CODE = YES;
				CLANG_WARN__DUPLICATE_METHOD_MATCH = YES;
				COPY_PHASE_STRIP = NO;
				DEBUG_INFORMATION_FORMAT = "dwarf-with-dsym";
				ENABLE_NS_ASSERTIONS = NO;
				ENABLE_STRICT_OBJC_MSGSEND = YES;
				ENABLE_USER_SCRIPT_SANDBOXING = YES;
				GCC_C_LANGUAGE_STANDARD = gnu17;
				GCC_NO_COMMON_BLOCKS = YES;
				GCC_WARN_64_TO_32_BIT_CONVERSION = YES;
				GCC_WARN_ABOUT_RETURN_TYPE = YES_ERROR;
				GCC_WARN_UNDECLARED_SELECTOR = YES;
				GCC_WARN_UNINITIALIZED_AUTOS = YES_AGGRESSIVE;
				GCC_WARN_UNUSED_FUNCTION = YES;
				GCC_WARN_UNUSED_VARIABLE = YES;
				GENERATE_INFOPLIST_FILE = YES;
				GENERATE_PKGINFO_FILE = YES;
				INFOPLIST_FILE = "/Adego-iOS/Resource/Info.plist";
				IPHONEOS_DEPLOYMENT_TARGET = 16.0;
				LOCALIZATION_PREFERS_STRING_CATALOGS = YES;
				MTL_ENABLE_DEBUG_INFO = NO;
				MTL_FAST_MATH = YES;
				SDKROOT = iphoneos;
				SWIFT_COMPILATION_MODE = wholemodule;
				VALIDATE_PRODUCT = YES;
			};
			name = Release;
		};
		8598F9EB2BC0361200132DE6 /* Debug */ = {
			isa = XCBuildConfiguration;
			buildSettings = {
				APPLY_RULES_IN_COPY_FILES = NO;
				ASSETCATALOG_COMPILER_APPICON_NAME = AppIcon;
				ASSETCATALOG_COMPILER_GLOBAL_ACCENT_COLOR_NAME = AccentColor;
				CODE_SIGN_STYLE = Automatic;
				CREATE_INFOPLIST_SECTION_IN_BINARY = NO;
				CURRENT_PROJECT_VERSION = 1;
				DEVELOPMENT_ASSET_PATHS = "\"Adego-iOS/Resource/Preview Content\"";
				DEVELOPMENT_TEAM = XCQRCQ3RAB;
				DONT_GENERATE_INFOPLIST_FILE = NO;
				ENABLE_PREVIEWS = YES;
				GENERATE_INFOPLIST_FILE = YES;
				GENERATE_PKGINFO_FILE = YES;
				INFOPLIST_EXPAND_BUILD_SETTINGS = YES;
				INFOPLIST_FILE = "";
				INFOPLIST_KEY_NSLocationWhenInUseUsageDescription = "위치 권한을 허용 안 하면 사영에 처한다.";
				INFOPLIST_KEY_UIApplicationSceneManifest_Generation = YES;
				INFOPLIST_KEY_UIApplicationSupportsIndirectInputEvents = YES;
				INFOPLIST_KEY_UILaunchScreen_Generation = YES;
				INFOPLIST_KEY_UISupportedInterfaceOrientations_iPad = "UIInterfaceOrientationPortrait UIInterfaceOrientationPortraitUpsideDown UIInterfaceOrientationLandscapeLeft UIInterfaceOrientationLandscapeRight";
				INFOPLIST_KEY_UISupportedInterfaceOrientations_iPhone = "UIInterfaceOrientationPortrait UIInterfaceOrientationLandscapeLeft UIInterfaceOrientationLandscapeRight";
				INFOPLIST_KEY_UIUserInterfaceStyle = Dark;
				LD_RUNPATH_SEARCH_PATHS = (
					"$(inherited)",
					"@executable_path/Frameworks",
				);
				MARKETING_VERSION = 1.0;
				PRODUCT_BUNDLE_IDENTIFIER = "com.sihun.adego.Adego-iOS";
				PRODUCT_NAME = "$(TARGET_NAME)";
				STRINGS_FILE_INFOPLIST_RENAME = YES;
				SWIFT_EMIT_LOC_STRINGS = YES;
				SWIFT_VERSION = 5.0;
				TARGETED_DEVICE_FAMILY = "1,2";
			};
			name = Debug;
		};
		8598F9EC2BC0361200132DE6 /* Release */ = {
			isa = XCBuildConfiguration;
			buildSettings = {
				APPLY_RULES_IN_COPY_FILES = NO;
				ASSETCATALOG_COMPILER_APPICON_NAME = AppIcon;
				ASSETCATALOG_COMPILER_GLOBAL_ACCENT_COLOR_NAME = AccentColor;
				CODE_SIGN_STYLE = Automatic;
				CREATE_INFOPLIST_SECTION_IN_BINARY = NO;
				CURRENT_PROJECT_VERSION = 1;
				DEVELOPMENT_ASSET_PATHS = "\"Adego-iOS/Resource/Preview Content\"";
				DEVELOPMENT_TEAM = XCQRCQ3RAB;
				DONT_GENERATE_INFOPLIST_FILE = NO;
				ENABLE_PREVIEWS = YES;
				GENERATE_INFOPLIST_FILE = YES;
				GENERATE_PKGINFO_FILE = YES;
				INFOPLIST_EXPAND_BUILD_SETTINGS = YES;
				INFOPLIST_FILE = "";
				INFOPLIST_KEY_NSLocationWhenInUseUsageDescription = "위치 권한을 허용 안 하면 사영에 처한다.";
				INFOPLIST_KEY_UIApplicationSceneManifest_Generation = YES;
				INFOPLIST_KEY_UIApplicationSupportsIndirectInputEvents = YES;
				INFOPLIST_KEY_UILaunchScreen_Generation = YES;
				INFOPLIST_KEY_UISupportedInterfaceOrientations_iPad = "UIInterfaceOrientationPortrait UIInterfaceOrientationPortraitUpsideDown UIInterfaceOrientationLandscapeLeft UIInterfaceOrientationLandscapeRight";
				INFOPLIST_KEY_UISupportedInterfaceOrientations_iPhone = "UIInterfaceOrientationPortrait UIInterfaceOrientationLandscapeLeft UIInterfaceOrientationLandscapeRight";
				INFOPLIST_KEY_UIUserInterfaceStyle = Dark;
				LD_RUNPATH_SEARCH_PATHS = (
					"$(inherited)",
					"@executable_path/Frameworks",
				);
				MARKETING_VERSION = 1.0;
				PRODUCT_BUNDLE_IDENTIFIER = "com.sihun.adego.Adego-iOS";
				PRODUCT_NAME = "$(TARGET_NAME)";
				STRINGS_FILE_INFOPLIST_RENAME = YES;
				SWIFT_EMIT_LOC_STRINGS = YES;
				SWIFT_VERSION = 5.0;
				TARGETED_DEVICE_FAMILY = "1,2";
			};
			name = Release;
		};
/* End XCBuildConfiguration section */

/* Begin XCConfigurationList section */
		8598F9D72BC0361100132DE6 /* Build configuration list for PBXProject "Adego-iOS" */ = {
			isa = XCConfigurationList;
			buildConfigurations = (
				8598F9E82BC0361200132DE6 /* Debug */,
				8598F9E92BC0361200132DE6 /* Release */,
			);
			defaultConfigurationIsVisible = 0;
			defaultConfigurationName = Release;
		};
		8598F9EA2BC0361200132DE6 /* Build configuration list for PBXNativeTarget "Adego-iOS" */ = {
			isa = XCConfigurationList;
			buildConfigurations = (
				8598F9EB2BC0361200132DE6 /* Debug */,
				8598F9EC2BC0361200132DE6 /* Release */,
			);
			defaultConfigurationIsVisible = 0;
			defaultConfigurationName = Release;
		};
/* End XCConfigurationList section */

/* Begin XCRemoteSwiftPackageReference section */
		85FBAB662BC2DF93008CFC1B /* XCRemoteSwiftPackageReference "swift-composable-architecture" */ = {
			isa = XCRemoteSwiftPackageReference;
			repositoryURL = "https://github.com/pointfreeco/swift-composable-architecture";
			requirement = {
				kind = upToNextMajorVersion;
				minimumVersion = 1.9.2;
			};
		};
		85FBAB6C2BC2E3EC008CFC1B /* XCRemoteSwiftPackageReference "FlowKit" */ = {
			isa = XCRemoteSwiftPackageReference;
			repositoryURL = "https://github.com/choisihun/FlowKit";
			requirement = {
				branch = main;
				kind = branch;
			};
		};
/* End XCRemoteSwiftPackageReference section */

/* Begin XCSwiftPackageProductDependency section */
		85FBAB672BC2DF93008CFC1B /* ComposableArchitecture */ = {
			isa = XCSwiftPackageProductDependency;
			package = 85FBAB662BC2DF93008CFC1B /* XCRemoteSwiftPackageReference "swift-composable-architecture" */;
			productName = ComposableArchitecture;
		};
		85FBAB6D2BC2E3EC008CFC1B /* FlowKit */ = {
			isa = XCSwiftPackageProductDependency;
			package = 85FBAB6C2BC2E3EC008CFC1B /* XCRemoteSwiftPackageReference "FlowKit" */;
			productName = FlowKit;
		};
/* End XCSwiftPackageProductDependency section */
	};
	rootObject = 8598F9D42BC0361100132DE6 /* Project object */;
}
